
Microsoft Visual Studio Solution File, Format Version 12.00
# Visual Studio 15
VisualStudioVersion = 15.0.26124.0
MinimumVisualStudioVersion = 15.0.26124.0
Project("{2150E333-8FDC-42A3-9474-1A3956D46DE8}") = "Code", "Code", "{85FA3A90-3C76-4E6F-A77B-2DDF31376F17}"
EndProject
Project("{FAE04EC0-301F-11D3-BF4B-00C04F79EFBC}") = "dotretest.Api", "Code\dotretest.Api\dotretest.Api.csproj", "{F8D10881-66DE-466E-AFC3-5A504C511A6C}"
EndProject
Project("{FAE04EC0-301F-11D3-BF4B-00C04F79EFBC}") = "dotretest.Business", "Code\dotretest.Business\dotretest.Business.csproj", "{54166A9D-A58A-4A2F-B0CB-05DD658F5377}"
EndProject
Project("{FAE04EC0-301F-11D3-BF4B-00C04F79EFBC}") = "dotretest.Data", "Code\dotretest.Data\dotretest.Data.csproj", "{D4825504-DDC2-471A-943B-A2E79ED8EA3D}"
EndProject
Project("{FAE04EC0-301F-11D3-BF4B-00C04F79EFBC}") = "dotretest.Entities", "Code\dotretest.Entities\dotretest.Entities.csproj", "{370158B9-FD90-4E9F-A803-F3C8CBC17253}"
EndProject
Project("{FAE04EC0-301F-11D3-BF4B-00C04F79EFBC}") = "dotretest.Test.Api", "Code\dotretest.Test.Api\dotretest.Test.Api.csproj", "{BD4A9DF0-183E-49A4-A259-6B9AC8052995}"
EndProject
Project("{FAE04EC0-301F-11D3-BF4B-00C04F79EFBC}") = "dotretest.Test.Business", "Code\dotretest.Test.Business\dotretest.Test.Business.csproj", "{362DB8F3-7551-4BF8-9203-2F2C339C9AA7}"
EndProject
Project("{FAE04EC0-301F-11D3-BF4B-00C04F79EFBC}") = "dotretest.Test.Framework", "Code\dotretest.Test.Framework\dotretest.Test.Framework.csproj", "{65108288-4508-46B4-B1D1-87F7B3F55972}"
EndProject
Project("{2150E333-8FDC-42A3-9474-1A3956D46DE8}") = "Test", "Test", "{6BFEF5C0-D27B-460A-B5DC-62448298EA3C}"
EndProject
Global
	GlobalSection(SolutionConfigurationPlatforms) = preSolution
		Debug|Any CPU = Debug|Any CPU
		Debug|x64 = Debug|x64
		Debug|x86 = Debug|x86
		Release|Any CPU = Release|Any CPU
		Release|x64 = Release|x64
		Release|x86 = Release|x86
	EndGlobalSection
	GlobalSection(SolutionProperties) = preSolution
		HideSolutionNode = FALSE
	EndGlobalSection
	GlobalSection(ProjectConfigurationPlatforms) = postSolution
		{F8D10881-66DE-466E-AFC3-5A504C511A6C}.Debug|Any CPU.ActiveCfg = Debug|Any CPU
		{F8D10881-66DE-466E-AFC3-5A504C511A6C}.Debug|Any CPU.Build.0 = Debug|Any CPU
		{F8D10881-66DE-466E-AFC3-5A504C511A6C}.Debug|x64.ActiveCfg = Debug|Any CPU
		{F8D10881-66DE-466E-AFC3-5A504C511A6C}.Debug|x64.Build.0 = Debug|Any CPU
		{F8D10881-66DE-466E-AFC3-5A504C511A6C}.Debug|x86.ActiveCfg = Debug|Any CPU
		{F8D10881-66DE-466E-AFC3-5A504C511A6C}.Debug|x86.Build.0 = Debug|Any CPU
		{F8D10881-66DE-466E-AFC3-5A504C511A6C}.Release|Any CPU.ActiveCfg = Release|Any CPU
		{F8D10881-66DE-466E-AFC3-5A504C511A6C}.Release|Any CPU.Build.0 = Release|Any CPU
		{F8D10881-66DE-466E-AFC3-5A504C511A6C}.Release|x64.ActiveCfg = Release|Any CPU
		{F8D10881-66DE-466E-AFC3-5A504C511A6C}.Release|x64.Build.0 = Release|Any CPU
		{F8D10881-66DE-466E-AFC3-5A504C511A6C}.Release|x86.ActiveCfg = Release|Any CPU
		{F8D10881-66DE-466E-AFC3-5A504C511A6C}.Release|x86.Build.0 = Release|Any CPU
		{54166A9D-A58A-4A2F-B0CB-05DD658F5377}.Debug|Any CPU.ActiveCfg = Debug|Any CPU
		{54166A9D-A58A-4A2F-B0CB-05DD658F5377}.Debug|Any CPU.Build.0 = Debug|Any CPU
		{54166A9D-A58A-4A2F-B0CB-05DD658F5377}.Debug|x64.ActiveCfg = Debug|Any CPU
		{54166A9D-A58A-4A2F-B0CB-05DD658F5377}.Debug|x64.Build.0 = Debug|Any CPU
		{54166A9D-A58A-4A2F-B0CB-05DD658F5377}.Debug|x86.ActiveCfg = Debug|Any CPU
		{54166A9D-A58A-4A2F-B0CB-05DD658F5377}.Debug|x86.Build.0 = Debug|Any CPU
		{54166A9D-A58A-4A2F-B0CB-05DD658F5377}.Release|Any CPU.ActiveCfg = Release|Any CPU
		{54166A9D-A58A-4A2F-B0CB-05DD658F5377}.Release|Any CPU.Build.0 = Release|Any CPU
		{54166A9D-A58A-4A2F-B0CB-05DD658F5377}.Release|x64.ActiveCfg = Release|Any CPU
		{54166A9D-A58A-4A2F-B0CB-05DD658F5377}.Release|x64.Build.0 = Release|Any CPU
		{54166A9D-A58A-4A2F-B0CB-05DD658F5377}.Release|x86.ActiveCfg = Release|Any CPU
		{54166A9D-A58A-4A2F-B0CB-05DD658F5377}.Release|x86.Build.0 = Release|Any CPU
		{D4825504-DDC2-471A-943B-A2E79ED8EA3D}.Debug|Any CPU.ActiveCfg = Debug|Any CPU
		{D4825504-DDC2-471A-943B-A2E79ED8EA3D}.Debug|Any CPU.Build.0 = Debug|Any CPU
		{D4825504-DDC2-471A-943B-A2E79ED8EA3D}.Debug|x64.ActiveCfg = Debug|Any CPU
		{D4825504-DDC2-471A-943B-A2E79ED8EA3D}.Debug|x64.Build.0 = Debug|Any CPU
		{D4825504-DDC2-471A-943B-A2E79ED8EA3D}.Debug|x86.ActiveCfg = Debug|Any CPU
		{D4825504-DDC2-471A-943B-A2E79ED8EA3D}.Debug|x86.Build.0 = Debug|Any CPU
		{D4825504-DDC2-471A-943B-A2E79ED8EA3D}.Release|Any CPU.ActiveCfg = Release|Any CPU
		{D4825504-DDC2-471A-943B-A2E79ED8EA3D}.Release|Any CPU.Build.0 = Release|Any CPU
		{D4825504-DDC2-471A-943B-A2E79ED8EA3D}.Release|x64.ActiveCfg = Release|Any CPU
		{D4825504-DDC2-471A-943B-A2E79ED8EA3D}.Release|x64.Build.0 = Release|Any CPU
		{D4825504-DDC2-471A-943B-A2E79ED8EA3D}.Release|x86.ActiveCfg = Release|Any CPU
		{D4825504-DDC2-471A-943B-A2E79ED8EA3D}.Release|x86.Build.0 = Release|Any CPU
		{370158B9-FD90-4E9F-A803-F3C8CBC17253}.Debug|Any CPU.ActiveCfg = Debug|Any CPU
		{370158B9-FD90-4E9F-A803-F3C8CBC17253}.Debug|Any CPU.Build.0 = Debug|Any CPU
		{370158B9-FD90-4E9F-A803-F3C8CBC17253}.Debug|x64.ActiveCfg = Debug|Any CPU
		{370158B9-FD90-4E9F-A803-F3C8CBC17253}.Debug|x64.Build.0 = Debug|Any CPU
		{370158B9-FD90-4E9F-A803-F3C8CBC17253}.Debug|x86.ActiveCfg = Debug|Any CPU
		{370158B9-FD90-4E9F-A803-F3C8CBC17253}.Debug|x86.Build.0 = Debug|Any CPU
		{370158B9-FD90-4E9F-A803-F3C8CBC17253}.Release|Any CPU.ActiveCfg = Release|Any CPU
		{370158B9-FD90-4E9F-A803-F3C8CBC17253}.Release|Any CPU.Build.0 = Release|Any CPU
		{370158B9-FD90-4E9F-A803-F3C8CBC17253}.Release|x64.ActiveCfg = Release|Any CPU
		{370158B9-FD90-4E9F-A803-F3C8CBC17253}.Release|x64.Build.0 = Release|Any CPU
		{370158B9-FD90-4E9F-A803-F3C8CBC17253}.Release|x86.ActiveCfg = Release|Any CPU
		{370158B9-FD90-4E9F-A803-F3C8CBC17253}.Release|x86.Build.0 = Release|Any CPU
		{BD4A9DF0-183E-49A4-A259-6B9AC8052995}.Debug|Any CPU.ActiveCfg = Debug|Any CPU
		{BD4A9DF0-183E-49A4-A259-6B9AC8052995}.Debug|Any CPU.Build.0 = Debug|Any CPU
		{BD4A9DF0-183E-49A4-A259-6B9AC8052995}.Debug|x64.ActiveCfg = Debug|Any CPU
		{BD4A9DF0-183E-49A4-A259-6B9AC8052995}.Debug|x64.Build.0 = Debug|Any CPU
		{BD4A9DF0-183E-49A4-A259-6B9AC8052995}.Debug|x86.ActiveCfg = Debug|Any CPU
		{BD4A9DF0-183E-49A4-A259-6B9AC8052995}.Debug|x86.Build.0 = Debug|Any CPU
		{BD4A9DF0-183E-49A4-A259-6B9AC8052995}.Release|Any CPU.ActiveCfg = Release|Any CPU
		{BD4A9DF0-183E-49A4-A259-6B9AC8052995}.Release|Any CPU.Build.0 = Release|Any CPU
		{BD4A9DF0-183E-49A4-A259-6B9AC8052995}.Release|x64.ActiveCfg = Release|Any CPU
		{BD4A9DF0-183E-49A4-A259-6B9AC8052995}.Release|x64.Build.0 = Release|Any CPU
		{BD4A9DF0-183E-49A4-A259-6B9AC8052995}.Release|x86.ActiveCfg = Release|Any CPU
		{BD4A9DF0-183E-49A4-A259-6B9AC8052995}.Release|x86.Build.0 = Release|Any CPU
		{362DB8F3-7551-4BF8-9203-2F2C339C9AA7}.Debug|Any CPU.ActiveCfg = Debug|Any CPU
		{362DB8F3-7551-4BF8-9203-2F2C339C9AA7}.Debug|Any CPU.Build.0 = Debug|Any CPU
		{362DB8F3-7551-4BF8-9203-2F2C339C9AA7}.Debug|x64.ActiveCfg = Debug|Any CPU
		{362DB8F3-7551-4BF8-9203-2F2C339C9AA7}.Debug|x64.Build.0 = Debug|Any CPU
		{362DB8F3-7551-4BF8-9203-2F2C339C9AA7}.Debug|x86.ActiveCfg = Debug|Any CPU
		{362DB8F3-7551-4BF8-9203-2F2C339C9AA7}.Debug|x86.Build.0 = Debug|Any CPU
		{362DB8F3-7551-4BF8-9203-2F2C339C9AA7}.Release|Any CPU.ActiveCfg = Release|Any CPU
		{362DB8F3-7551-4BF8-9203-2F2C339C9AA7}.Release|Any CPU.Build.0 = Release|Any CPU
		{362DB8F3-7551-4BF8-9203-2F2C339C9AA7}.Release|x64.ActiveCfg = Release|Any CPU
		{362DB8F3-7551-4BF8-9203-2F2C339C9AA7}.Release|x64.Build.0 = Release|Any CPU
		{362DB8F3-7551-4BF8-9203-2F2C339C9AA7}.Release|x86.ActiveCfg = Release|Any CPU
		{362DB8F3-7551-4BF8-9203-2F2C339C9AA7}.Release|x86.Build.0 = Release|Any CPU
		{65108288-4508-46B4-B1D1-87F7B3F55972}.Debug|Any CPU.ActiveCfg = Debug|Any CPU
		{65108288-4508-46B4-B1D1-87F7B3F55972}.Debug|Any CPU.Build.0 = Debug|Any CPU
		{65108288-4508-46B4-B1D1-87F7B3F55972}.Debug|x64.ActiveCfg = Debug|Any CPU
		{65108288-4508-46B4-B1D1-87F7B3F55972}.Debug|x64.Build.0 = Debug|Any CPU
		{65108288-4508-46B4-B1D1-87F7B3F55972}.Debug|x86.ActiveCfg = Debug|Any CPU
		{65108288-4508-46B4-B1D1-87F7B3F55972}.Debug|x86.Build.0 = Debug|Any CPU
		{65108288-4508-46B4-B1D1-87F7B3F55972}.Release|Any CPU.ActiveCfg = Release|Any CPU
		{65108288-4508-46B4-B1D1-87F7B3F55972}.Release|Any CPU.Build.0 = Release|Any CPU
		{65108288-4508-46B4-B1D1-87F7B3F55972}.Release|x64.ActiveCfg = Release|Any CPU
		{65108288-4508-46B4-B1D1-87F7B3F55972}.Release|x64.Build.0 = Release|Any CPU
		{65108288-4508-46B4-B1D1-87F7B3F55972}.Release|x86.ActiveCfg = Release|Any CPU
		{65108288-4508-46B4-B1D1-87F7B3F55972}.Release|x86.Build.0 = Release|Any CPU
	EndGlobalSection
	GlobalSection(NestedProjects) = preSolution
		{F8D10881-66DE-466E-AFC3-5A504C511A6C} = {85FA3A90-3C76-4E6F-A77B-2DDF31376F17}
		{54166A9D-A58A-4A2F-B0CB-05DD658F5377} = {85FA3A90-3C76-4E6F-A77B-2DDF31376F17}
		{D4825504-DDC2-471A-943B-A2E79ED8EA3D} = {85FA3A90-3C76-4E6F-A77B-2DDF31376F17}
		{370158B9-FD90-4E9F-A803-F3C8CBC17253} = {85FA3A90-3C76-4E6F-A77B-2DDF31376F17}
		{BD4A9DF0-183E-49A4-A259-6B9AC8052995} = {6BFEF5C0-D27B-460A-B5DC-62448298EA3C}
		{362DB8F3-7551-4BF8-9203-2F2C339C9AA7} = {6BFEF5C0-D27B-460A-B5DC-62448298EA3C}
		{65108288-4508-46B4-B1D1-87F7B3F55972} = {6BFEF5C0-D27B-460A-B5DC-62448298EA3C}
	EndGlobalSection
EndGlobal
