
Microsoft Visual Studio Solution File, Format Version 12.00
# Visual Studio 15
VisualStudioVersion = 15.0.26124.0
MinimumVisualStudioVersion = 15.0.26124.0
Project("{2150E333-8FDC-42A3-9474-1A3956D46DE8}") = "Code", "Code", "{9ECF61CE-8896-46EA-BCC9-0388DACA5B70}"
EndProject
Project("{FAE04EC0-301F-11D3-BF4B-00C04F79EFBC}") = "dotcheck.Api", "Code\dotcheck.Api\dotcheck.Api.csproj", "{3852BCFB-F540-4426-B0C5-3263E152F55D}"
EndProject
Project("{FAE04EC0-301F-11D3-BF4B-00C04F79EFBC}") = "dotcheck.Business", "Code\dotcheck.Business\dotcheck.Business.csproj", "{1D9E2F41-AC43-4A58-83E9-270A8C8C1D13}"
EndProject
Project("{FAE04EC0-301F-11D3-BF4B-00C04F79EFBC}") = "dotcheck.Data", "Code\dotcheck.Data\dotcheck.Data.csproj", "{E9506EEB-3D5C-4456-8BF8-6C6C4BFFDC65}"
EndProject
Project("{FAE04EC0-301F-11D3-BF4B-00C04F79EFBC}") = "dotcheck.Entities", "Code\dotcheck.Entities\dotcheck.Entities.csproj", "{EA1BA798-3CC6-4E6E-BCC0-EBF0F5DC8D7B}"
EndProject
Project("{FAE04EC0-301F-11D3-BF4B-00C04F79EFBC}") = "dotcheck.Test.Api", "Code\dotcheck.Test.Api\dotcheck.Test.Api.csproj", "{33160FDE-AE75-4FCB-B400-2F3FFFCE4BE5}"
EndProject
Project("{FAE04EC0-301F-11D3-BF4B-00C04F79EFBC}") = "dotcheck.Test.Business", "Code\dotcheck.Test.Business\dotcheck.Test.Business.csproj", "{A7D89892-5BA6-4210-A63B-0E8DB8D4D60B}"
EndProject
Project("{FAE04EC0-301F-11D3-BF4B-00C04F79EFBC}") = "dotcheck.Test.Framework", "Code\dotcheck.Test.Framework\dotcheck.Test.Framework.csproj", "{D5FA51D4-8B4A-47C8-8C4E-4C5C382D42D5}"
EndProject
Project("{2150E333-8FDC-42A3-9474-1A3956D46DE8}") = "Test", "Test", "{65A41CB1-A8E3-4522-92F7-41856CFE5035}"
EndProject
Global
	GlobalSection(SolutionConfigurationPlatforms) = preSolution
		Debug|Any CPU = Debug|Any CPU
		Debug|x64 = Debug|x64
		Debug|x86 = Debug|x86
		Release|Any CPU = Release|Any CPU
		Release|x64 = Release|x64
		Release|x86 = Release|x86
	EndGlobalSection
	GlobalSection(SolutionProperties) = preSolution
		HideSolutionNode = FALSE
	EndGlobalSection
	GlobalSection(ProjectConfigurationPlatforms) = postSolution
		{3852BCFB-F540-4426-B0C5-3263E152F55D}.Debug|Any CPU.ActiveCfg = Debug|Any CPU
		{3852BCFB-F540-4426-B0C5-3263E152F55D}.Debug|Any CPU.Build.0 = Debug|Any CPU
		{3852BCFB-F540-4426-B0C5-3263E152F55D}.Debug|x64.ActiveCfg = Debug|Any CPU
		{3852BCFB-F540-4426-B0C5-3263E152F55D}.Debug|x64.Build.0 = Debug|Any CPU
		{3852BCFB-F540-4426-B0C5-3263E152F55D}.Debug|x86.ActiveCfg = Debug|Any CPU
		{3852BCFB-F540-4426-B0C5-3263E152F55D}.Debug|x86.Build.0 = Debug|Any CPU
		{3852BCFB-F540-4426-B0C5-3263E152F55D}.Release|Any CPU.ActiveCfg = Release|Any CPU
		{3852BCFB-F540-4426-B0C5-3263E152F55D}.Release|Any CPU.Build.0 = Release|Any CPU
		{3852BCFB-F540-4426-B0C5-3263E152F55D}.Release|x64.ActiveCfg = Release|Any CPU
		{3852BCFB-F540-4426-B0C5-3263E152F55D}.Release|x64.Build.0 = Release|Any CPU
		{3852BCFB-F540-4426-B0C5-3263E152F55D}.Release|x86.ActiveCfg = Release|Any CPU
		{3852BCFB-F540-4426-B0C5-3263E152F55D}.Release|x86.Build.0 = Release|Any CPU
		{1D9E2F41-AC43-4A58-83E9-270A8C8C1D13}.Debug|Any CPU.ActiveCfg = Debug|Any CPU
		{1D9E2F41-AC43-4A58-83E9-270A8C8C1D13}.Debug|Any CPU.Build.0 = Debug|Any CPU
		{1D9E2F41-AC43-4A58-83E9-270A8C8C1D13}.Debug|x64.ActiveCfg = Debug|Any CPU
		{1D9E2F41-AC43-4A58-83E9-270A8C8C1D13}.Debug|x64.Build.0 = Debug|Any CPU
		{1D9E2F41-AC43-4A58-83E9-270A8C8C1D13}.Debug|x86.ActiveCfg = Debug|Any CPU
		{1D9E2F41-AC43-4A58-83E9-270A8C8C1D13}.Debug|x86.Build.0 = Debug|Any CPU
		{1D9E2F41-AC43-4A58-83E9-270A8C8C1D13}.Release|Any CPU.ActiveCfg = Release|Any CPU
		{1D9E2F41-AC43-4A58-83E9-270A8C8C1D13}.Release|Any CPU.Build.0 = Release|Any CPU
		{1D9E2F41-AC43-4A58-83E9-270A8C8C1D13}.Release|x64.ActiveCfg = Release|Any CPU
		{1D9E2F41-AC43-4A58-83E9-270A8C8C1D13}.Release|x64.Build.0 = Release|Any CPU
		{1D9E2F41-AC43-4A58-83E9-270A8C8C1D13}.Release|x86.ActiveCfg = Release|Any CPU
		{1D9E2F41-AC43-4A58-83E9-270A8C8C1D13}.Release|x86.Build.0 = Release|Any CPU
		{E9506EEB-3D5C-4456-8BF8-6C6C4BFFDC65}.Debug|Any CPU.ActiveCfg = Debug|Any CPU
		{E9506EEB-3D5C-4456-8BF8-6C6C4BFFDC65}.Debug|Any CPU.Build.0 = Debug|Any CPU
		{E9506EEB-3D5C-4456-8BF8-6C6C4BFFDC65}.Debug|x64.ActiveCfg = Debug|Any CPU
		{E9506EEB-3D5C-4456-8BF8-6C6C4BFFDC65}.Debug|x64.Build.0 = Debug|Any CPU
		{E9506EEB-3D5C-4456-8BF8-6C6C4BFFDC65}.Debug|x86.ActiveCfg = Debug|Any CPU
		{E9506EEB-3D5C-4456-8BF8-6C6C4BFFDC65}.Debug|x86.Build.0 = Debug|Any CPU
		{E9506EEB-3D5C-4456-8BF8-6C6C4BFFDC65}.Release|Any CPU.ActiveCfg = Release|Any CPU
		{E9506EEB-3D5C-4456-8BF8-6C6C4BFFDC65}.Release|Any CPU.Build.0 = Release|Any CPU
		{E9506EEB-3D5C-4456-8BF8-6C6C4BFFDC65}.Release|x64.ActiveCfg = Release|Any CPU
		{E9506EEB-3D5C-4456-8BF8-6C6C4BFFDC65}.Release|x64.Build.0 = Release|Any CPU
		{E9506EEB-3D5C-4456-8BF8-6C6C4BFFDC65}.Release|x86.ActiveCfg = Release|Any CPU
		{E9506EEB-3D5C-4456-8BF8-6C6C4BFFDC65}.Release|x86.Build.0 = Release|Any CPU
		{EA1BA798-3CC6-4E6E-BCC0-EBF0F5DC8D7B}.Debug|Any CPU.ActiveCfg = Debug|Any CPU
		{EA1BA798-3CC6-4E6E-BCC0-EBF0F5DC8D7B}.Debug|Any CPU.Build.0 = Debug|Any CPU
		{EA1BA798-3CC6-4E6E-BCC0-EBF0F5DC8D7B}.Debug|x64.ActiveCfg = Debug|Any CPU
		{EA1BA798-3CC6-4E6E-BCC0-EBF0F5DC8D7B}.Debug|x64.Build.0 = Debug|Any CPU
		{EA1BA798-3CC6-4E6E-BCC0-EBF0F5DC8D7B}.Debug|x86.ActiveCfg = Debug|Any CPU
		{EA1BA798-3CC6-4E6E-BCC0-EBF0F5DC8D7B}.Debug|x86.Build.0 = Debug|Any CPU
		{EA1BA798-3CC6-4E6E-BCC0-EBF0F5DC8D7B}.Release|Any CPU.ActiveCfg = Release|Any CPU
		{EA1BA798-3CC6-4E6E-BCC0-EBF0F5DC8D7B}.Release|Any CPU.Build.0 = Release|Any CPU
		{EA1BA798-3CC6-4E6E-BCC0-EBF0F5DC8D7B}.Release|x64.ActiveCfg = Release|Any CPU
		{EA1BA798-3CC6-4E6E-BCC0-EBF0F5DC8D7B}.Release|x64.Build.0 = Release|Any CPU
		{EA1BA798-3CC6-4E6E-BCC0-EBF0F5DC8D7B}.Release|x86.ActiveCfg = Release|Any CPU
		{EA1BA798-3CC6-4E6E-BCC0-EBF0F5DC8D7B}.Release|x86.Build.0 = Release|Any CPU
		{33160FDE-AE75-4FCB-B400-2F3FFFCE4BE5}.Debug|Any CPU.ActiveCfg = Debug|Any CPU
		{33160FDE-AE75-4FCB-B400-2F3FFFCE4BE5}.Debug|Any CPU.Build.0 = Debug|Any CPU
		{33160FDE-AE75-4FCB-B400-2F3FFFCE4BE5}.Debug|x64.ActiveCfg = Debug|Any CPU
		{33160FDE-AE75-4FCB-B400-2F3FFFCE4BE5}.Debug|x64.Build.0 = Debug|Any CPU
		{33160FDE-AE75-4FCB-B400-2F3FFFCE4BE5}.Debug|x86.ActiveCfg = Debug|Any CPU
		{33160FDE-AE75-4FCB-B400-2F3FFFCE4BE5}.Debug|x86.Build.0 = Debug|Any CPU
		{33160FDE-AE75-4FCB-B400-2F3FFFCE4BE5}.Release|Any CPU.ActiveCfg = Release|Any CPU
		{33160FDE-AE75-4FCB-B400-2F3FFFCE4BE5}.Release|Any CPU.Build.0 = Release|Any CPU
		{33160FDE-AE75-4FCB-B400-2F3FFFCE4BE5}.Release|x64.ActiveCfg = Release|Any CPU
		{33160FDE-AE75-4FCB-B400-2F3FFFCE4BE5}.Release|x64.Build.0 = Release|Any CPU
		{33160FDE-AE75-4FCB-B400-2F3FFFCE4BE5}.Release|x86.ActiveCfg = Release|Any CPU
		{33160FDE-AE75-4FCB-B400-2F3FFFCE4BE5}.Release|x86.Build.0 = Release|Any CPU
		{A7D89892-5BA6-4210-A63B-0E8DB8D4D60B}.Debug|Any CPU.ActiveCfg = Debug|Any CPU
		{A7D89892-5BA6-4210-A63B-0E8DB8D4D60B}.Debug|Any CPU.Build.0 = Debug|Any CPU
		{A7D89892-5BA6-4210-A63B-0E8DB8D4D60B}.Debug|x64.ActiveCfg = Debug|Any CPU
		{A7D89892-5BA6-4210-A63B-0E8DB8D4D60B}.Debug|x64.Build.0 = Debug|Any CPU
		{A7D89892-5BA6-4210-A63B-0E8DB8D4D60B}.Debug|x86.ActiveCfg = Debug|Any CPU
		{A7D89892-5BA6-4210-A63B-0E8DB8D4D60B}.Debug|x86.Build.0 = Debug|Any CPU
		{A7D89892-5BA6-4210-A63B-0E8DB8D4D60B}.Release|Any CPU.ActiveCfg = Release|Any CPU
		{A7D89892-5BA6-4210-A63B-0E8DB8D4D60B}.Release|Any CPU.Build.0 = Release|Any CPU
		{A7D89892-5BA6-4210-A63B-0E8DB8D4D60B}.Release|x64.ActiveCfg = Release|Any CPU
		{A7D89892-5BA6-4210-A63B-0E8DB8D4D60B}.Release|x64.Build.0 = Release|Any CPU
		{A7D89892-5BA6-4210-A63B-0E8DB8D4D60B}.Release|x86.ActiveCfg = Release|Any CPU
		{A7D89892-5BA6-4210-A63B-0E8DB8D4D60B}.Release|x86.Build.0 = Release|Any CPU
		{D5FA51D4-8B4A-47C8-8C4E-4C5C382D42D5}.Debug|Any CPU.ActiveCfg = Debug|Any CPU
		{D5FA51D4-8B4A-47C8-8C4E-4C5C382D42D5}.Debug|Any CPU.Build.0 = Debug|Any CPU
		{D5FA51D4-8B4A-47C8-8C4E-4C5C382D42D5}.Debug|x64.ActiveCfg = Debug|Any CPU
		{D5FA51D4-8B4A-47C8-8C4E-4C5C382D42D5}.Debug|x64.Build.0 = Debug|Any CPU
		{D5FA51D4-8B4A-47C8-8C4E-4C5C382D42D5}.Debug|x86.ActiveCfg = Debug|Any CPU
		{D5FA51D4-8B4A-47C8-8C4E-4C5C382D42D5}.Debug|x86.Build.0 = Debug|Any CPU
		{D5FA51D4-8B4A-47C8-8C4E-4C5C382D42D5}.Release|Any CPU.ActiveCfg = Release|Any CPU
		{D5FA51D4-8B4A-47C8-8C4E-4C5C382D42D5}.Release|Any CPU.Build.0 = Release|Any CPU
		{D5FA51D4-8B4A-47C8-8C4E-4C5C382D42D5}.Release|x64.ActiveCfg = Release|Any CPU
		{D5FA51D4-8B4A-47C8-8C4E-4C5C382D42D5}.Release|x64.Build.0 = Release|Any CPU
		{D5FA51D4-8B4A-47C8-8C4E-4C5C382D42D5}.Release|x86.ActiveCfg = Release|Any CPU
		{D5FA51D4-8B4A-47C8-8C4E-4C5C382D42D5}.Release|x86.Build.0 = Release|Any CPU
	EndGlobalSection
	GlobalSection(NestedProjects) = preSolution
		{3852BCFB-F540-4426-B0C5-3263E152F55D} = {9ECF61CE-8896-46EA-BCC9-0388DACA5B70}
		{1D9E2F41-AC43-4A58-83E9-270A8C8C1D13} = {9ECF61CE-8896-46EA-BCC9-0388DACA5B70}
		{E9506EEB-3D5C-4456-8BF8-6C6C4BFFDC65} = {9ECF61CE-8896-46EA-BCC9-0388DACA5B70}
		{EA1BA798-3CC6-4E6E-BCC0-EBF0F5DC8D7B} = {9ECF61CE-8896-46EA-BCC9-0388DACA5B70}
		{33160FDE-AE75-4FCB-B400-2F3FFFCE4BE5} = {65A41CB1-A8E3-4522-92F7-41856CFE5035}
		{A7D89892-5BA6-4210-A63B-0E8DB8D4D60B} = {65A41CB1-A8E3-4522-92F7-41856CFE5035}
		{D5FA51D4-8B4A-47C8-8C4E-4C5C382D42D5} = {65A41CB1-A8E3-4522-92F7-41856CFE5035}
	EndGlobalSection
EndGlobal
