
Microsoft Visual Studio Solution File, Format Version 12.00
# Visual Studio 15
VisualStudioVersion = 15.0.26124.0
MinimumVisualStudioVersion = 15.0.26124.0
Project("{2150E333-8FDC-42A3-9474-1A3956D46DE8}") = "Code", "Code", "{5A1DE3BA-31DB-499A-B5CF-26ADFC00806A}"
EndProject
Project("{FAE04EC0-301F-11D3-BF4B-00C04F79EFBC}") = "reredotest.Api", "Code\reredotest.Api\reredotest.Api.csproj", "{8C8B0151-8ED9-4F8A-B1DC-2BB0BC20379F}"
EndProject
Project("{FAE04EC0-301F-11D3-BF4B-00C04F79EFBC}") = "reredotest.Business", "Code\reredotest.Business\reredotest.Business.csproj", "{6D38FBA0-7FF4-4F7F-A1B0-6B81E39CF4B5}"
EndProject
Project("{FAE04EC0-301F-11D3-BF4B-00C04F79EFBC}") = "reredotest.Data", "Code\reredotest.Data\reredotest.Data.csproj", "{F8C503E1-2D3D-4299-A616-96F102EABD76}"
EndProject
Project("{FAE04EC0-301F-11D3-BF4B-00C04F79EFBC}") = "reredotest.Entities", "Code\reredotest.Entities\reredotest.Entities.csproj", "{364CDF0D-42F6-4BF0-ABD9-546761C4E7DD}"
EndProject
Project("{FAE04EC0-301F-11D3-BF4B-00C04F79EFBC}") = "reredotest.Test.Api", "Code\reredotest.Test.Api\reredotest.Test.Api.csproj", "{1B8A1C2F-5A7F-47AD-8257-7EE62DF12F3B}"
EndProject
Project("{FAE04EC0-301F-11D3-BF4B-00C04F79EFBC}") = "reredotest.Test.Business", "Code\reredotest.Test.Business\reredotest.Test.Business.csproj", "{A0A98394-0C56-42B8-B432-E849456B48EF}"
EndProject
Project("{FAE04EC0-301F-11D3-BF4B-00C04F79EFBC}") = "reredotest.Test.Framework", "Code\reredotest.Test.Framework\reredotest.Test.Framework.csproj", "{3A1C78E4-6CAB-45E4-8F2E-0206DCB72AE1}"
EndProject
Project("{2150E333-8FDC-42A3-9474-1A3956D46DE8}") = "Test", "Test", "{5ECC31EA-D4A4-4D08-BF05-0D52236C6250}"
EndProject
Global
	GlobalSection(SolutionConfigurationPlatforms) = preSolution
		Debug|Any CPU = Debug|Any CPU
		Debug|x64 = Debug|x64
		Debug|x86 = Debug|x86
		Release|Any CPU = Release|Any CPU
		Release|x64 = Release|x64
		Release|x86 = Release|x86
	EndGlobalSection
	GlobalSection(SolutionProperties) = preSolution
		HideSolutionNode = FALSE
	EndGlobalSection
	GlobalSection(ProjectConfigurationPlatforms) = postSolution
		{8C8B0151-8ED9-4F8A-B1DC-2BB0BC20379F}.Debug|Any CPU.ActiveCfg = Debug|Any CPU
		{8C8B0151-8ED9-4F8A-B1DC-2BB0BC20379F}.Debug|Any CPU.Build.0 = Debug|Any CPU
		{8C8B0151-8ED9-4F8A-B1DC-2BB0BC20379F}.Debug|x64.ActiveCfg = Debug|Any CPU
		{8C8B0151-8ED9-4F8A-B1DC-2BB0BC20379F}.Debug|x64.Build.0 = Debug|Any CPU
		{8C8B0151-8ED9-4F8A-B1DC-2BB0BC20379F}.Debug|x86.ActiveCfg = Debug|Any CPU
		{8C8B0151-8ED9-4F8A-B1DC-2BB0BC20379F}.Debug|x86.Build.0 = Debug|Any CPU
		{8C8B0151-8ED9-4F8A-B1DC-2BB0BC20379F}.Release|Any CPU.ActiveCfg = Release|Any CPU
		{8C8B0151-8ED9-4F8A-B1DC-2BB0BC20379F}.Release|Any CPU.Build.0 = Release|Any CPU
		{8C8B0151-8ED9-4F8A-B1DC-2BB0BC20379F}.Release|x64.ActiveCfg = Release|Any CPU
		{8C8B0151-8ED9-4F8A-B1DC-2BB0BC20379F}.Release|x64.Build.0 = Release|Any CPU
		{8C8B0151-8ED9-4F8A-B1DC-2BB0BC20379F}.Release|x86.ActiveCfg = Release|Any CPU
		{8C8B0151-8ED9-4F8A-B1DC-2BB0BC20379F}.Release|x86.Build.0 = Release|Any CPU
		{6D38FBA0-7FF4-4F7F-A1B0-6B81E39CF4B5}.Debug|Any CPU.ActiveCfg = Debug|Any CPU
		{6D38FBA0-7FF4-4F7F-A1B0-6B81E39CF4B5}.Debug|Any CPU.Build.0 = Debug|Any CPU
		{6D38FBA0-7FF4-4F7F-A1B0-6B81E39CF4B5}.Debug|x64.ActiveCfg = Debug|Any CPU
		{6D38FBA0-7FF4-4F7F-A1B0-6B81E39CF4B5}.Debug|x64.Build.0 = Debug|Any CPU
		{6D38FBA0-7FF4-4F7F-A1B0-6B81E39CF4B5}.Debug|x86.ActiveCfg = Debug|Any CPU
		{6D38FBA0-7FF4-4F7F-A1B0-6B81E39CF4B5}.Debug|x86.Build.0 = Debug|Any CPU
		{6D38FBA0-7FF4-4F7F-A1B0-6B81E39CF4B5}.Release|Any CPU.ActiveCfg = Release|Any CPU
		{6D38FBA0-7FF4-4F7F-A1B0-6B81E39CF4B5}.Release|Any CPU.Build.0 = Release|Any CPU
		{6D38FBA0-7FF4-4F7F-A1B0-6B81E39CF4B5}.Release|x64.ActiveCfg = Release|Any CPU
		{6D38FBA0-7FF4-4F7F-A1B0-6B81E39CF4B5}.Release|x64.Build.0 = Release|Any CPU
		{6D38FBA0-7FF4-4F7F-A1B0-6B81E39CF4B5}.Release|x86.ActiveCfg = Release|Any CPU
		{6D38FBA0-7FF4-4F7F-A1B0-6B81E39CF4B5}.Release|x86.Build.0 = Release|Any CPU
		{F8C503E1-2D3D-4299-A616-96F102EABD76}.Debug|Any CPU.ActiveCfg = Debug|Any CPU
		{F8C503E1-2D3D-4299-A616-96F102EABD76}.Debug|Any CPU.Build.0 = Debug|Any CPU
		{F8C503E1-2D3D-4299-A616-96F102EABD76}.Debug|x64.ActiveCfg = Debug|Any CPU
		{F8C503E1-2D3D-4299-A616-96F102EABD76}.Debug|x64.Build.0 = Debug|Any CPU
		{F8C503E1-2D3D-4299-A616-96F102EABD76}.Debug|x86.ActiveCfg = Debug|Any CPU
		{F8C503E1-2D3D-4299-A616-96F102EABD76}.Debug|x86.Build.0 = Debug|Any CPU
		{F8C503E1-2D3D-4299-A616-96F102EABD76}.Release|Any CPU.ActiveCfg = Release|Any CPU
		{F8C503E1-2D3D-4299-A616-96F102EABD76}.Release|Any CPU.Build.0 = Release|Any CPU
		{F8C503E1-2D3D-4299-A616-96F102EABD76}.Release|x64.ActiveCfg = Release|Any CPU
		{F8C503E1-2D3D-4299-A616-96F102EABD76}.Release|x64.Build.0 = Release|Any CPU
		{F8C503E1-2D3D-4299-A616-96F102EABD76}.Release|x86.ActiveCfg = Release|Any CPU
		{F8C503E1-2D3D-4299-A616-96F102EABD76}.Release|x86.Build.0 = Release|Any CPU
		{364CDF0D-42F6-4BF0-ABD9-546761C4E7DD}.Debug|Any CPU.ActiveCfg = Debug|Any CPU
		{364CDF0D-42F6-4BF0-ABD9-546761C4E7DD}.Debug|Any CPU.Build.0 = Debug|Any CPU
		{364CDF0D-42F6-4BF0-ABD9-546761C4E7DD}.Debug|x64.ActiveCfg = Debug|Any CPU
		{364CDF0D-42F6-4BF0-ABD9-546761C4E7DD}.Debug|x64.Build.0 = Debug|Any CPU
		{364CDF0D-42F6-4BF0-ABD9-546761C4E7DD}.Debug|x86.ActiveCfg = Debug|Any CPU
		{364CDF0D-42F6-4BF0-ABD9-546761C4E7DD}.Debug|x86.Build.0 = Debug|Any CPU
		{364CDF0D-42F6-4BF0-ABD9-546761C4E7DD}.Release|Any CPU.ActiveCfg = Release|Any CPU
		{364CDF0D-42F6-4BF0-ABD9-546761C4E7DD}.Release|Any CPU.Build.0 = Release|Any CPU
		{364CDF0D-42F6-4BF0-ABD9-546761C4E7DD}.Release|x64.ActiveCfg = Release|Any CPU
		{364CDF0D-42F6-4BF0-ABD9-546761C4E7DD}.Release|x64.Build.0 = Release|Any CPU
		{364CDF0D-42F6-4BF0-ABD9-546761C4E7DD}.Release|x86.ActiveCfg = Release|Any CPU
		{364CDF0D-42F6-4BF0-ABD9-546761C4E7DD}.Release|x86.Build.0 = Release|Any CPU
		{1B8A1C2F-5A7F-47AD-8257-7EE62DF12F3B}.Debug|Any CPU.ActiveCfg = Debug|Any CPU
		{1B8A1C2F-5A7F-47AD-8257-7EE62DF12F3B}.Debug|Any CPU.Build.0 = Debug|Any CPU
		{1B8A1C2F-5A7F-47AD-8257-7EE62DF12F3B}.Debug|x64.ActiveCfg = Debug|Any CPU
		{1B8A1C2F-5A7F-47AD-8257-7EE62DF12F3B}.Debug|x64.Build.0 = Debug|Any CPU
		{1B8A1C2F-5A7F-47AD-8257-7EE62DF12F3B}.Debug|x86.ActiveCfg = Debug|Any CPU
		{1B8A1C2F-5A7F-47AD-8257-7EE62DF12F3B}.Debug|x86.Build.0 = Debug|Any CPU
		{1B8A1C2F-5A7F-47AD-8257-7EE62DF12F3B}.Release|Any CPU.ActiveCfg = Release|Any CPU
		{1B8A1C2F-5A7F-47AD-8257-7EE62DF12F3B}.Release|Any CPU.Build.0 = Release|Any CPU
		{1B8A1C2F-5A7F-47AD-8257-7EE62DF12F3B}.Release|x64.ActiveCfg = Release|Any CPU
		{1B8A1C2F-5A7F-47AD-8257-7EE62DF12F3B}.Release|x64.Build.0 = Release|Any CPU
		{1B8A1C2F-5A7F-47AD-8257-7EE62DF12F3B}.Release|x86.ActiveCfg = Release|Any CPU
		{1B8A1C2F-5A7F-47AD-8257-7EE62DF12F3B}.Release|x86.Build.0 = Release|Any CPU
		{A0A98394-0C56-42B8-B432-E849456B48EF}.Debug|Any CPU.ActiveCfg = Debug|Any CPU
		{A0A98394-0C56-42B8-B432-E849456B48EF}.Debug|Any CPU.Build.0 = Debug|Any CPU
		{A0A98394-0C56-42B8-B432-E849456B48EF}.Debug|x64.ActiveCfg = Debug|Any CPU
		{A0A98394-0C56-42B8-B432-E849456B48EF}.Debug|x64.Build.0 = Debug|Any CPU
		{A0A98394-0C56-42B8-B432-E849456B48EF}.Debug|x86.ActiveCfg = Debug|Any CPU
		{A0A98394-0C56-42B8-B432-E849456B48EF}.Debug|x86.Build.0 = Debug|Any CPU
		{A0A98394-0C56-42B8-B432-E849456B48EF}.Release|Any CPU.ActiveCfg = Release|Any CPU
		{A0A98394-0C56-42B8-B432-E849456B48EF}.Release|Any CPU.Build.0 = Release|Any CPU
		{A0A98394-0C56-42B8-B432-E849456B48EF}.Release|x64.ActiveCfg = Release|Any CPU
		{A0A98394-0C56-42B8-B432-E849456B48EF}.Release|x64.Build.0 = Release|Any CPU
		{A0A98394-0C56-42B8-B432-E849456B48EF}.Release|x86.ActiveCfg = Release|Any CPU
		{A0A98394-0C56-42B8-B432-E849456B48EF}.Release|x86.Build.0 = Release|Any CPU
		{3A1C78E4-6CAB-45E4-8F2E-0206DCB72AE1}.Debug|Any CPU.ActiveCfg = Debug|Any CPU
		{3A1C78E4-6CAB-45E4-8F2E-0206DCB72AE1}.Debug|Any CPU.Build.0 = Debug|Any CPU
		{3A1C78E4-6CAB-45E4-8F2E-0206DCB72AE1}.Debug|x64.ActiveCfg = Debug|Any CPU
		{3A1C78E4-6CAB-45E4-8F2E-0206DCB72AE1}.Debug|x64.Build.0 = Debug|Any CPU
		{3A1C78E4-6CAB-45E4-8F2E-0206DCB72AE1}.Debug|x86.ActiveCfg = Debug|Any CPU
		{3A1C78E4-6CAB-45E4-8F2E-0206DCB72AE1}.Debug|x86.Build.0 = Debug|Any CPU
		{3A1C78E4-6CAB-45E4-8F2E-0206DCB72AE1}.Release|Any CPU.ActiveCfg = Release|Any CPU
		{3A1C78E4-6CAB-45E4-8F2E-0206DCB72AE1}.Release|Any CPU.Build.0 = Release|Any CPU
		{3A1C78E4-6CAB-45E4-8F2E-0206DCB72AE1}.Release|x64.ActiveCfg = Release|Any CPU
		{3A1C78E4-6CAB-45E4-8F2E-0206DCB72AE1}.Release|x64.Build.0 = Release|Any CPU
		{3A1C78E4-6CAB-45E4-8F2E-0206DCB72AE1}.Release|x86.ActiveCfg = Release|Any CPU
		{3A1C78E4-6CAB-45E4-8F2E-0206DCB72AE1}.Release|x86.Build.0 = Release|Any CPU
	EndGlobalSection
	GlobalSection(NestedProjects) = preSolution
		{8C8B0151-8ED9-4F8A-B1DC-2BB0BC20379F} = {5A1DE3BA-31DB-499A-B5CF-26ADFC00806A}
		{6D38FBA0-7FF4-4F7F-A1B0-6B81E39CF4B5} = {5A1DE3BA-31DB-499A-B5CF-26ADFC00806A}
		{F8C503E1-2D3D-4299-A616-96F102EABD76} = {5A1DE3BA-31DB-499A-B5CF-26ADFC00806A}
		{364CDF0D-42F6-4BF0-ABD9-546761C4E7DD} = {5A1DE3BA-31DB-499A-B5CF-26ADFC00806A}
		{1B8A1C2F-5A7F-47AD-8257-7EE62DF12F3B} = {5ECC31EA-D4A4-4D08-BF05-0D52236C6250}
		{A0A98394-0C56-42B8-B432-E849456B48EF} = {5ECC31EA-D4A4-4D08-BF05-0D52236C6250}
		{3A1C78E4-6CAB-45E4-8F2E-0206DCB72AE1} = {5ECC31EA-D4A4-4D08-BF05-0D52236C6250}
	EndGlobalSection
EndGlobal
