
Microsoft Visual Studio Solution File, Format Version 12.00
# Visual Studio 15
VisualStudioVersion = 15.0.26124.0
MinimumVisualStudioVersion = 15.0.26124.0
Project("{2150E333-8FDC-42A3-9474-1A3956D46DE8}") = "Code", "Code", "{3C161AB3-2C19-40B8-BA81-892DB7DA91CF}"
EndProject
Project("{FAE04EC0-301F-11D3-BF4B-00C04F79EFBC}") = "dotchecktwo.Api", "Code\dotchecktwo.Api\dotchecktwo.Api.csproj", "{2CA0B32D-D219-4596-BED6-32F05F8E44D7}"
EndProject
Project("{FAE04EC0-301F-11D3-BF4B-00C04F79EFBC}") = "dotchecktwo.Business", "Code\dotchecktwo.Business\dotchecktwo.Business.csproj", "{2FA18B8A-860E-4427-8E46-584A45CB84C1}"
EndProject
Project("{FAE04EC0-301F-11D3-BF4B-00C04F79EFBC}") = "dotchecktwo.Data", "Code\dotchecktwo.Data\dotchecktwo.Data.csproj", "{47ADA738-AE82-4497-A5EF-60936EB50F07}"
EndProject
Project("{FAE04EC0-301F-11D3-BF4B-00C04F79EFBC}") = "dotchecktwo.Entities", "Code\dotchecktwo.Entities\dotchecktwo.Entities.csproj", "{8E96484E-71F3-4EF8-8022-4E62672E61B6}"
EndProject
Project("{FAE04EC0-301F-11D3-BF4B-00C04F79EFBC}") = "dotchecktwo.Test.Api", "Code\dotchecktwo.Test.Api\dotchecktwo.Test.Api.csproj", "{A20DD5DE-BFF0-49FE-AF86-18BB3DBF4EED}"
EndProject
Project("{FAE04EC0-301F-11D3-BF4B-00C04F79EFBC}") = "dotchecktwo.Test.Business", "Code\dotchecktwo.Test.Business\dotchecktwo.Test.Business.csproj", "{766A8E65-ECF1-4D05-BD7B-775C7A7EB3F9}"
EndProject
Project("{FAE04EC0-301F-11D3-BF4B-00C04F79EFBC}") = "dotchecktwo.Test.Framework", "Code\dotchecktwo.Test.Framework\dotchecktwo.Test.Framework.csproj", "{FF80596D-D304-41FA-A7A5-8431B2A472C0}"
EndProject
Project("{2150E333-8FDC-42A3-9474-1A3956D46DE8}") = "Test", "Test", "{9CF7A121-CAE6-4BAD-BD09-B14A99F61B75}"
EndProject
Global
	GlobalSection(SolutionConfigurationPlatforms) = preSolution
		Debug|Any CPU = Debug|Any CPU
		Debug|x64 = Debug|x64
		Debug|x86 = Debug|x86
		Release|Any CPU = Release|Any CPU
		Release|x64 = Release|x64
		Release|x86 = Release|x86
	EndGlobalSection
	GlobalSection(SolutionProperties) = preSolution
		HideSolutionNode = FALSE
	EndGlobalSection
	GlobalSection(ProjectConfigurationPlatforms) = postSolution
		{2CA0B32D-D219-4596-BED6-32F05F8E44D7}.Debug|Any CPU.ActiveCfg = Debug|Any CPU
		{2CA0B32D-D219-4596-BED6-32F05F8E44D7}.Debug|Any CPU.Build.0 = Debug|Any CPU
		{2CA0B32D-D219-4596-BED6-32F05F8E44D7}.Debug|x64.ActiveCfg = Debug|Any CPU
		{2CA0B32D-D219-4596-BED6-32F05F8E44D7}.Debug|x64.Build.0 = Debug|Any CPU
		{2CA0B32D-D219-4596-BED6-32F05F8E44D7}.Debug|x86.ActiveCfg = Debug|Any CPU
		{2CA0B32D-D219-4596-BED6-32F05F8E44D7}.Debug|x86.Build.0 = Debug|Any CPU
		{2CA0B32D-D219-4596-BED6-32F05F8E44D7}.Release|Any CPU.ActiveCfg = Release|Any CPU
		{2CA0B32D-D219-4596-BED6-32F05F8E44D7}.Release|Any CPU.Build.0 = Release|Any CPU
		{2CA0B32D-D219-4596-BED6-32F05F8E44D7}.Release|x64.ActiveCfg = Release|Any CPU
		{2CA0B32D-D219-4596-BED6-32F05F8E44D7}.Release|x64.Build.0 = Release|Any CPU
		{2CA0B32D-D219-4596-BED6-32F05F8E44D7}.Release|x86.ActiveCfg = Release|Any CPU
		{2CA0B32D-D219-4596-BED6-32F05F8E44D7}.Release|x86.Build.0 = Release|Any CPU
		{2FA18B8A-860E-4427-8E46-584A45CB84C1}.Debug|Any CPU.ActiveCfg = Debug|Any CPU
		{2FA18B8A-860E-4427-8E46-584A45CB84C1}.Debug|Any CPU.Build.0 = Debug|Any CPU
		{2FA18B8A-860E-4427-8E46-584A45CB84C1}.Debug|x64.ActiveCfg = Debug|Any CPU
		{2FA18B8A-860E-4427-8E46-584A45CB84C1}.Debug|x64.Build.0 = Debug|Any CPU
		{2FA18B8A-860E-4427-8E46-584A45CB84C1}.Debug|x86.ActiveCfg = Debug|Any CPU
		{2FA18B8A-860E-4427-8E46-584A45CB84C1}.Debug|x86.Build.0 = Debug|Any CPU
		{2FA18B8A-860E-4427-8E46-584A45CB84C1}.Release|Any CPU.ActiveCfg = Release|Any CPU
		{2FA18B8A-860E-4427-8E46-584A45CB84C1}.Release|Any CPU.Build.0 = Release|Any CPU
		{2FA18B8A-860E-4427-8E46-584A45CB84C1}.Release|x64.ActiveCfg = Release|Any CPU
		{2FA18B8A-860E-4427-8E46-584A45CB84C1}.Release|x64.Build.0 = Release|Any CPU
		{2FA18B8A-860E-4427-8E46-584A45CB84C1}.Release|x86.ActiveCfg = Release|Any CPU
		{2FA18B8A-860E-4427-8E46-584A45CB84C1}.Release|x86.Build.0 = Release|Any CPU
		{47ADA738-AE82-4497-A5EF-60936EB50F07}.Debug|Any CPU.ActiveCfg = Debug|Any CPU
		{47ADA738-AE82-4497-A5EF-60936EB50F07}.Debug|Any CPU.Build.0 = Debug|Any CPU
		{47ADA738-AE82-4497-A5EF-60936EB50F07}.Debug|x64.ActiveCfg = Debug|Any CPU
		{47ADA738-AE82-4497-A5EF-60936EB50F07}.Debug|x64.Build.0 = Debug|Any CPU
		{47ADA738-AE82-4497-A5EF-60936EB50F07}.Debug|x86.ActiveCfg = Debug|Any CPU
		{47ADA738-AE82-4497-A5EF-60936EB50F07}.Debug|x86.Build.0 = Debug|Any CPU
		{47ADA738-AE82-4497-A5EF-60936EB50F07}.Release|Any CPU.ActiveCfg = Release|Any CPU
		{47ADA738-AE82-4497-A5EF-60936EB50F07}.Release|Any CPU.Build.0 = Release|Any CPU
		{47ADA738-AE82-4497-A5EF-60936EB50F07}.Release|x64.ActiveCfg = Release|Any CPU
		{47ADA738-AE82-4497-A5EF-60936EB50F07}.Release|x64.Build.0 = Release|Any CPU
		{47ADA738-AE82-4497-A5EF-60936EB50F07}.Release|x86.ActiveCfg = Release|Any CPU
		{47ADA738-AE82-4497-A5EF-60936EB50F07}.Release|x86.Build.0 = Release|Any CPU
		{8E96484E-71F3-4EF8-8022-4E62672E61B6}.Debug|Any CPU.ActiveCfg = Debug|Any CPU
		{8E96484E-71F3-4EF8-8022-4E62672E61B6}.Debug|Any CPU.Build.0 = Debug|Any CPU
		{8E96484E-71F3-4EF8-8022-4E62672E61B6}.Debug|x64.ActiveCfg = Debug|Any CPU
		{8E96484E-71F3-4EF8-8022-4E62672E61B6}.Debug|x64.Build.0 = Debug|Any CPU
		{8E96484E-71F3-4EF8-8022-4E62672E61B6}.Debug|x86.ActiveCfg = Debug|Any CPU
		{8E96484E-71F3-4EF8-8022-4E62672E61B6}.Debug|x86.Build.0 = Debug|Any CPU
		{8E96484E-71F3-4EF8-8022-4E62672E61B6}.Release|Any CPU.ActiveCfg = Release|Any CPU
		{8E96484E-71F3-4EF8-8022-4E62672E61B6}.Release|Any CPU.Build.0 = Release|Any CPU
		{8E96484E-71F3-4EF8-8022-4E62672E61B6}.Release|x64.ActiveCfg = Release|Any CPU
		{8E96484E-71F3-4EF8-8022-4E62672E61B6}.Release|x64.Build.0 = Release|Any CPU
		{8E96484E-71F3-4EF8-8022-4E62672E61B6}.Release|x86.ActiveCfg = Release|Any CPU
		{8E96484E-71F3-4EF8-8022-4E62672E61B6}.Release|x86.Build.0 = Release|Any CPU
		{A20DD5DE-BFF0-49FE-AF86-18BB3DBF4EED}.Debug|Any CPU.ActiveCfg = Debug|Any CPU
		{A20DD5DE-BFF0-49FE-AF86-18BB3DBF4EED}.Debug|Any CPU.Build.0 = Debug|Any CPU
		{A20DD5DE-BFF0-49FE-AF86-18BB3DBF4EED}.Debug|x64.ActiveCfg = Debug|Any CPU
		{A20DD5DE-BFF0-49FE-AF86-18BB3DBF4EED}.Debug|x64.Build.0 = Debug|Any CPU
		{A20DD5DE-BFF0-49FE-AF86-18BB3DBF4EED}.Debug|x86.ActiveCfg = Debug|Any CPU
		{A20DD5DE-BFF0-49FE-AF86-18BB3DBF4EED}.Debug|x86.Build.0 = Debug|Any CPU
		{A20DD5DE-BFF0-49FE-AF86-18BB3DBF4EED}.Release|Any CPU.ActiveCfg = Release|Any CPU
		{A20DD5DE-BFF0-49FE-AF86-18BB3DBF4EED}.Release|Any CPU.Build.0 = Release|Any CPU
		{A20DD5DE-BFF0-49FE-AF86-18BB3DBF4EED}.Release|x64.ActiveCfg = Release|Any CPU
		{A20DD5DE-BFF0-49FE-AF86-18BB3DBF4EED}.Release|x64.Build.0 = Release|Any CPU
		{A20DD5DE-BFF0-49FE-AF86-18BB3DBF4EED}.Release|x86.ActiveCfg = Release|Any CPU
		{A20DD5DE-BFF0-49FE-AF86-18BB3DBF4EED}.Release|x86.Build.0 = Release|Any CPU
		{766A8E65-ECF1-4D05-BD7B-775C7A7EB3F9}.Debug|Any CPU.ActiveCfg = Debug|Any CPU
		{766A8E65-ECF1-4D05-BD7B-775C7A7EB3F9}.Debug|Any CPU.Build.0 = Debug|Any CPU
		{766A8E65-ECF1-4D05-BD7B-775C7A7EB3F9}.Debug|x64.ActiveCfg = Debug|Any CPU
		{766A8E65-ECF1-4D05-BD7B-775C7A7EB3F9}.Debug|x64.Build.0 = Debug|Any CPU
		{766A8E65-ECF1-4D05-BD7B-775C7A7EB3F9}.Debug|x86.ActiveCfg = Debug|Any CPU
		{766A8E65-ECF1-4D05-BD7B-775C7A7EB3F9}.Debug|x86.Build.0 = Debug|Any CPU
		{766A8E65-ECF1-4D05-BD7B-775C7A7EB3F9}.Release|Any CPU.ActiveCfg = Release|Any CPU
		{766A8E65-ECF1-4D05-BD7B-775C7A7EB3F9}.Release|Any CPU.Build.0 = Release|Any CPU
		{766A8E65-ECF1-4D05-BD7B-775C7A7EB3F9}.Release|x64.ActiveCfg = Release|Any CPU
		{766A8E65-ECF1-4D05-BD7B-775C7A7EB3F9}.Release|x64.Build.0 = Release|Any CPU
		{766A8E65-ECF1-4D05-BD7B-775C7A7EB3F9}.Release|x86.ActiveCfg = Release|Any CPU
		{766A8E65-ECF1-4D05-BD7B-775C7A7EB3F9}.Release|x86.Build.0 = Release|Any CPU
		{FF80596D-D304-41FA-A7A5-8431B2A472C0}.Debug|Any CPU.ActiveCfg = Debug|Any CPU
		{FF80596D-D304-41FA-A7A5-8431B2A472C0}.Debug|Any CPU.Build.0 = Debug|Any CPU
		{FF80596D-D304-41FA-A7A5-8431B2A472C0}.Debug|x64.ActiveCfg = Debug|Any CPU
		{FF80596D-D304-41FA-A7A5-8431B2A472C0}.Debug|x64.Build.0 = Debug|Any CPU
		{FF80596D-D304-41FA-A7A5-8431B2A472C0}.Debug|x86.ActiveCfg = Debug|Any CPU
		{FF80596D-D304-41FA-A7A5-8431B2A472C0}.Debug|x86.Build.0 = Debug|Any CPU
		{FF80596D-D304-41FA-A7A5-8431B2A472C0}.Release|Any CPU.ActiveCfg = Release|Any CPU
		{FF80596D-D304-41FA-A7A5-8431B2A472C0}.Release|Any CPU.Build.0 = Release|Any CPU
		{FF80596D-D304-41FA-A7A5-8431B2A472C0}.Release|x64.ActiveCfg = Release|Any CPU
		{FF80596D-D304-41FA-A7A5-8431B2A472C0}.Release|x64.Build.0 = Release|Any CPU
		{FF80596D-D304-41FA-A7A5-8431B2A472C0}.Release|x86.ActiveCfg = Release|Any CPU
		{FF80596D-D304-41FA-A7A5-8431B2A472C0}.Release|x86.Build.0 = Release|Any CPU
	EndGlobalSection
	GlobalSection(NestedProjects) = preSolution
		{2CA0B32D-D219-4596-BED6-32F05F8E44D7} = {3C161AB3-2C19-40B8-BA81-892DB7DA91CF}
		{2FA18B8A-860E-4427-8E46-584A45CB84C1} = {3C161AB3-2C19-40B8-BA81-892DB7DA91CF}
		{47ADA738-AE82-4497-A5EF-60936EB50F07} = {3C161AB3-2C19-40B8-BA81-892DB7DA91CF}
		{8E96484E-71F3-4EF8-8022-4E62672E61B6} = {3C161AB3-2C19-40B8-BA81-892DB7DA91CF}
		{A20DD5DE-BFF0-49FE-AF86-18BB3DBF4EED} = {9CF7A121-CAE6-4BAD-BD09-B14A99F61B75}
		{766A8E65-ECF1-4D05-BD7B-775C7A7EB3F9} = {9CF7A121-CAE6-4BAD-BD09-B14A99F61B75}
		{FF80596D-D304-41FA-A7A5-8431B2A472C0} = {9CF7A121-CAE6-4BAD-BD09-B14A99F61B75}
	EndGlobalSection
EndGlobal
