
Microsoft Visual Studio Solution File, Format Version 12.00
# Visual Studio 15
VisualStudioVersion = 15.0.26124.0
MinimumVisualStudioVersion = 15.0.26124.0
Project("{2150E333-8FDC-42A3-9474-1A3956D46DE8}") = "Code", "Code", "{9556FE34-C2A9-4785-8E94-DDFD9757B370}"
EndProject
Project("{FAE04EC0-301F-11D3-BF4B-00C04F79EFBC}") = "newdotcd.Api", "Code\newdotcd.Api\newdotcd.Api.csproj", "{438065F5-CC7E-43A0-AA45-F5378100DAAD}"
EndProject
Project("{FAE04EC0-301F-11D3-BF4B-00C04F79EFBC}") = "newdotcd.Business", "Code\newdotcd.Business\newdotcd.Business.csproj", "{4E00C592-2624-48EF-88A6-9A0F191BF8F2}"
EndProject
Project("{FAE04EC0-301F-11D3-BF4B-00C04F79EFBC}") = "newdotcd.Data", "Code\newdotcd.Data\newdotcd.Data.csproj", "{ACB5E858-6A39-46E5-8AD2-EC5CED7FB9E1}"
EndProject
Project("{FAE04EC0-301F-11D3-BF4B-00C04F79EFBC}") = "newdotcd.Entities", "Code\newdotcd.Entities\newdotcd.Entities.csproj", "{2E22218E-006A-4662-8F33-7965406C0BB4}"
EndProject
Project("{FAE04EC0-301F-11D3-BF4B-00C04F79EFBC}") = "newdotcd.Test.Api", "Code\newdotcd.Test.Api\newdotcd.Test.Api.csproj", "{0324C329-6E7D-4BCF-BA1F-EA75BDCB0E24}"
EndProject
Project("{FAE04EC0-301F-11D3-BF4B-00C04F79EFBC}") = "newdotcd.Test.Business", "Code\newdotcd.Test.Business\newdotcd.Test.Business.csproj", "{520F55AA-5855-4F46-97A4-665F971361C1}"
EndProject
Project("{FAE04EC0-301F-11D3-BF4B-00C04F79EFBC}") = "newdotcd.Test.Framework", "Code\newdotcd.Test.Framework\newdotcd.Test.Framework.csproj", "{A65834E8-0F3F-407A-8298-8C810987CB5F}"
EndProject
Project("{2150E333-8FDC-42A3-9474-1A3956D46DE8}") = "Test", "Test", "{F9F53BBB-1654-472E-B59E-C6C2081BDD52}"
EndProject
Global
	GlobalSection(SolutionConfigurationPlatforms) = preSolution
		Debug|Any CPU = Debug|Any CPU
		Debug|x64 = Debug|x64
		Debug|x86 = Debug|x86
		Release|Any CPU = Release|Any CPU
		Release|x64 = Release|x64
		Release|x86 = Release|x86
	EndGlobalSection
	GlobalSection(SolutionProperties) = preSolution
		HideSolutionNode = FALSE
	EndGlobalSection
	GlobalSection(ProjectConfigurationPlatforms) = postSolution
		{438065F5-CC7E-43A0-AA45-F5378100DAAD}.Debug|Any CPU.ActiveCfg = Debug|Any CPU
		{438065F5-CC7E-43A0-AA45-F5378100DAAD}.Debug|Any CPU.Build.0 = Debug|Any CPU
		{438065F5-CC7E-43A0-AA45-F5378100DAAD}.Debug|x64.ActiveCfg = Debug|Any CPU
		{438065F5-CC7E-43A0-AA45-F5378100DAAD}.Debug|x64.Build.0 = Debug|Any CPU
		{438065F5-CC7E-43A0-AA45-F5378100DAAD}.Debug|x86.ActiveCfg = Debug|Any CPU
		{438065F5-CC7E-43A0-AA45-F5378100DAAD}.Debug|x86.Build.0 = Debug|Any CPU
		{438065F5-CC7E-43A0-AA45-F5378100DAAD}.Release|Any CPU.ActiveCfg = Release|Any CPU
		{438065F5-CC7E-43A0-AA45-F5378100DAAD}.Release|Any CPU.Build.0 = Release|Any CPU
		{438065F5-CC7E-43A0-AA45-F5378100DAAD}.Release|x64.ActiveCfg = Release|Any CPU
		{438065F5-CC7E-43A0-AA45-F5378100DAAD}.Release|x64.Build.0 = Release|Any CPU
		{438065F5-CC7E-43A0-AA45-F5378100DAAD}.Release|x86.ActiveCfg = Release|Any CPU
		{438065F5-CC7E-43A0-AA45-F5378100DAAD}.Release|x86.Build.0 = Release|Any CPU
		{4E00C592-2624-48EF-88A6-9A0F191BF8F2}.Debug|Any CPU.ActiveCfg = Debug|Any CPU
		{4E00C592-2624-48EF-88A6-9A0F191BF8F2}.Debug|Any CPU.Build.0 = Debug|Any CPU
		{4E00C592-2624-48EF-88A6-9A0F191BF8F2}.Debug|x64.ActiveCfg = Debug|Any CPU
		{4E00C592-2624-48EF-88A6-9A0F191BF8F2}.Debug|x64.Build.0 = Debug|Any CPU
		{4E00C592-2624-48EF-88A6-9A0F191BF8F2}.Debug|x86.ActiveCfg = Debug|Any CPU
		{4E00C592-2624-48EF-88A6-9A0F191BF8F2}.Debug|x86.Build.0 = Debug|Any CPU
		{4E00C592-2624-48EF-88A6-9A0F191BF8F2}.Release|Any CPU.ActiveCfg = Release|Any CPU
		{4E00C592-2624-48EF-88A6-9A0F191BF8F2}.Release|Any CPU.Build.0 = Release|Any CPU
		{4E00C592-2624-48EF-88A6-9A0F191BF8F2}.Release|x64.ActiveCfg = Release|Any CPU
		{4E00C592-2624-48EF-88A6-9A0F191BF8F2}.Release|x64.Build.0 = Release|Any CPU
		{4E00C592-2624-48EF-88A6-9A0F191BF8F2}.Release|x86.ActiveCfg = Release|Any CPU
		{4E00C592-2624-48EF-88A6-9A0F191BF8F2}.Release|x86.Build.0 = Release|Any CPU
		{ACB5E858-6A39-46E5-8AD2-EC5CED7FB9E1}.Debug|Any CPU.ActiveCfg = Debug|Any CPU
		{ACB5E858-6A39-46E5-8AD2-EC5CED7FB9E1}.Debug|Any CPU.Build.0 = Debug|Any CPU
		{ACB5E858-6A39-46E5-8AD2-EC5CED7FB9E1}.Debug|x64.ActiveCfg = Debug|Any CPU
		{ACB5E858-6A39-46E5-8AD2-EC5CED7FB9E1}.Debug|x64.Build.0 = Debug|Any CPU
		{ACB5E858-6A39-46E5-8AD2-EC5CED7FB9E1}.Debug|x86.ActiveCfg = Debug|Any CPU
		{ACB5E858-6A39-46E5-8AD2-EC5CED7FB9E1}.Debug|x86.Build.0 = Debug|Any CPU
		{ACB5E858-6A39-46E5-8AD2-EC5CED7FB9E1}.Release|Any CPU.ActiveCfg = Release|Any CPU
		{ACB5E858-6A39-46E5-8AD2-EC5CED7FB9E1}.Release|Any CPU.Build.0 = Release|Any CPU
		{ACB5E858-6A39-46E5-8AD2-EC5CED7FB9E1}.Release|x64.ActiveCfg = Release|Any CPU
		{ACB5E858-6A39-46E5-8AD2-EC5CED7FB9E1}.Release|x64.Build.0 = Release|Any CPU
		{ACB5E858-6A39-46E5-8AD2-EC5CED7FB9E1}.Release|x86.ActiveCfg = Release|Any CPU
		{ACB5E858-6A39-46E5-8AD2-EC5CED7FB9E1}.Release|x86.Build.0 = Release|Any CPU
		{2E22218E-006A-4662-8F33-7965406C0BB4}.Debug|Any CPU.ActiveCfg = Debug|Any CPU
		{2E22218E-006A-4662-8F33-7965406C0BB4}.Debug|Any CPU.Build.0 = Debug|Any CPU
		{2E22218E-006A-4662-8F33-7965406C0BB4}.Debug|x64.ActiveCfg = Debug|Any CPU
		{2E22218E-006A-4662-8F33-7965406C0BB4}.Debug|x64.Build.0 = Debug|Any CPU
		{2E22218E-006A-4662-8F33-7965406C0BB4}.Debug|x86.ActiveCfg = Debug|Any CPU
		{2E22218E-006A-4662-8F33-7965406C0BB4}.Debug|x86.Build.0 = Debug|Any CPU
		{2E22218E-006A-4662-8F33-7965406C0BB4}.Release|Any CPU.ActiveCfg = Release|Any CPU
		{2E22218E-006A-4662-8F33-7965406C0BB4}.Release|Any CPU.Build.0 = Release|Any CPU
		{2E22218E-006A-4662-8F33-7965406C0BB4}.Release|x64.ActiveCfg = Release|Any CPU
		{2E22218E-006A-4662-8F33-7965406C0BB4}.Release|x64.Build.0 = Release|Any CPU
		{2E22218E-006A-4662-8F33-7965406C0BB4}.Release|x86.ActiveCfg = Release|Any CPU
		{2E22218E-006A-4662-8F33-7965406C0BB4}.Release|x86.Build.0 = Release|Any CPU
		{0324C329-6E7D-4BCF-BA1F-EA75BDCB0E24}.Debug|Any CPU.ActiveCfg = Debug|Any CPU
		{0324C329-6E7D-4BCF-BA1F-EA75BDCB0E24}.Debug|Any CPU.Build.0 = Debug|Any CPU
		{0324C329-6E7D-4BCF-BA1F-EA75BDCB0E24}.Debug|x64.ActiveCfg = Debug|Any CPU
		{0324C329-6E7D-4BCF-BA1F-EA75BDCB0E24}.Debug|x64.Build.0 = Debug|Any CPU
		{0324C329-6E7D-4BCF-BA1F-EA75BDCB0E24}.Debug|x86.ActiveCfg = Debug|Any CPU
		{0324C329-6E7D-4BCF-BA1F-EA75BDCB0E24}.Debug|x86.Build.0 = Debug|Any CPU
		{0324C329-6E7D-4BCF-BA1F-EA75BDCB0E24}.Release|Any CPU.ActiveCfg = Release|Any CPU
		{0324C329-6E7D-4BCF-BA1F-EA75BDCB0E24}.Release|Any CPU.Build.0 = Release|Any CPU
		{0324C329-6E7D-4BCF-BA1F-EA75BDCB0E24}.Release|x64.ActiveCfg = Release|Any CPU
		{0324C329-6E7D-4BCF-BA1F-EA75BDCB0E24}.Release|x64.Build.0 = Release|Any CPU
		{0324C329-6E7D-4BCF-BA1F-EA75BDCB0E24}.Release|x86.ActiveCfg = Release|Any CPU
		{0324C329-6E7D-4BCF-BA1F-EA75BDCB0E24}.Release|x86.Build.0 = Release|Any CPU
		{520F55AA-5855-4F46-97A4-665F971361C1}.Debug|Any CPU.ActiveCfg = Debug|Any CPU
		{520F55AA-5855-4F46-97A4-665F971361C1}.Debug|Any CPU.Build.0 = Debug|Any CPU
		{520F55AA-5855-4F46-97A4-665F971361C1}.Debug|x64.ActiveCfg = Debug|Any CPU
		{520F55AA-5855-4F46-97A4-665F971361C1}.Debug|x64.Build.0 = Debug|Any CPU
		{520F55AA-5855-4F46-97A4-665F971361C1}.Debug|x86.ActiveCfg = Debug|Any CPU
		{520F55AA-5855-4F46-97A4-665F971361C1}.Debug|x86.Build.0 = Debug|Any CPU
		{520F55AA-5855-4F46-97A4-665F971361C1}.Release|Any CPU.ActiveCfg = Release|Any CPU
		{520F55AA-5855-4F46-97A4-665F971361C1}.Release|Any CPU.Build.0 = Release|Any CPU
		{520F55AA-5855-4F46-97A4-665F971361C1}.Release|x64.ActiveCfg = Release|Any CPU
		{520F55AA-5855-4F46-97A4-665F971361C1}.Release|x64.Build.0 = Release|Any CPU
		{520F55AA-5855-4F46-97A4-665F971361C1}.Release|x86.ActiveCfg = Release|Any CPU
		{520F55AA-5855-4F46-97A4-665F971361C1}.Release|x86.Build.0 = Release|Any CPU
		{A65834E8-0F3F-407A-8298-8C810987CB5F}.Debug|Any CPU.ActiveCfg = Debug|Any CPU
		{A65834E8-0F3F-407A-8298-8C810987CB5F}.Debug|Any CPU.Build.0 = Debug|Any CPU
		{A65834E8-0F3F-407A-8298-8C810987CB5F}.Debug|x64.ActiveCfg = Debug|Any CPU
		{A65834E8-0F3F-407A-8298-8C810987CB5F}.Debug|x64.Build.0 = Debug|Any CPU
		{A65834E8-0F3F-407A-8298-8C810987CB5F}.Debug|x86.ActiveCfg = Debug|Any CPU
		{A65834E8-0F3F-407A-8298-8C810987CB5F}.Debug|x86.Build.0 = Debug|Any CPU
		{A65834E8-0F3F-407A-8298-8C810987CB5F}.Release|Any CPU.ActiveCfg = Release|Any CPU
		{A65834E8-0F3F-407A-8298-8C810987CB5F}.Release|Any CPU.Build.0 = Release|Any CPU
		{A65834E8-0F3F-407A-8298-8C810987CB5F}.Release|x64.ActiveCfg = Release|Any CPU
		{A65834E8-0F3F-407A-8298-8C810987CB5F}.Release|x64.Build.0 = Release|Any CPU
		{A65834E8-0F3F-407A-8298-8C810987CB5F}.Release|x86.ActiveCfg = Release|Any CPU
		{A65834E8-0F3F-407A-8298-8C810987CB5F}.Release|x86.Build.0 = Release|Any CPU
	EndGlobalSection
	GlobalSection(NestedProjects) = preSolution
		{438065F5-CC7E-43A0-AA45-F5378100DAAD} = {9556FE34-C2A9-4785-8E94-DDFD9757B370}
		{4E00C592-2624-48EF-88A6-9A0F191BF8F2} = {9556FE34-C2A9-4785-8E94-DDFD9757B370}
		{ACB5E858-6A39-46E5-8AD2-EC5CED7FB9E1} = {9556FE34-C2A9-4785-8E94-DDFD9757B370}
		{2E22218E-006A-4662-8F33-7965406C0BB4} = {9556FE34-C2A9-4785-8E94-DDFD9757B370}
		{0324C329-6E7D-4BCF-BA1F-EA75BDCB0E24} = {F9F53BBB-1654-472E-B59E-C6C2081BDD52}
		{520F55AA-5855-4F46-97A4-665F971361C1} = {F9F53BBB-1654-472E-B59E-C6C2081BDD52}
		{A65834E8-0F3F-407A-8298-8C810987CB5F} = {F9F53BBB-1654-472E-B59E-C6C2081BDD52}
	EndGlobalSection
EndGlobal
