
Microsoft Visual Studio Solution File, Format Version 12.00
# Visual Studio 15
VisualStudioVersion = 15.0.26124.0
MinimumVisualStudioVersion = 15.0.26124.0
Project("{2150E333-8FDC-42A3-9474-1A3956D46DE8}") = "Code", "Code", "{FAEF8FED-02AC-48BB-81A8-4642762EE45D}"
EndProject
Project("{FAE04EC0-301F-11D3-BF4B-00C04F79EFBC}") = "dockerdot.Api", "Code\dockerdot.Api\dockerdot.Api.csproj", "{213B7647-D53C-481B-BF92-EF1900BD346B}"
EndProject
Project("{FAE04EC0-301F-11D3-BF4B-00C04F79EFBC}") = "dockerdot.Business", "Code\dockerdot.Business\dockerdot.Business.csproj", "{455AD2BE-15E5-47BF-A855-AA3E0642971E}"
EndProject
Project("{FAE04EC0-301F-11D3-BF4B-00C04F79EFBC}") = "dockerdot.Data", "Code\dockerdot.Data\dockerdot.Data.csproj", "{0FF57AB4-17C7-4D2C-AB1F-0BE2DEE64B00}"
EndProject
Project("{FAE04EC0-301F-11D3-BF4B-00C04F79EFBC}") = "dockerdot.Entities", "Code\dockerdot.Entities\dockerdot.Entities.csproj", "{015E712B-C37F-475C-92C4-44DF83DC1867}"
EndProject
Project("{FAE04EC0-301F-11D3-BF4B-00C04F79EFBC}") = "dockerdot.Test.Api", "Code\dockerdot.Test.Api\dockerdot.Test.Api.csproj", "{9C14B89F-2CE5-4EF2-B65D-B66D63FBE839}"
EndProject
Project("{FAE04EC0-301F-11D3-BF4B-00C04F79EFBC}") = "dockerdot.Test.Business", "Code\dockerdot.Test.Business\dockerdot.Test.Business.csproj", "{67647F32-37BA-4936-8C41-488E6134D553}"
EndProject
Project("{FAE04EC0-301F-11D3-BF4B-00C04F79EFBC}") = "dockerdot.Test.Framework", "Code\dockerdot.Test.Framework\dockerdot.Test.Framework.csproj", "{1A0DF36C-2775-43C9-95AC-34C4821F908E}"
EndProject
Project("{2150E333-8FDC-42A3-9474-1A3956D46DE8}") = "Test", "Test", "{B07E92E4-6E53-407C-8CA2-BBBA2B3E96DD}"
EndProject
Global
	GlobalSection(SolutionConfigurationPlatforms) = preSolution
		Debug|Any CPU = Debug|Any CPU
		Debug|x64 = Debug|x64
		Debug|x86 = Debug|x86
		Release|Any CPU = Release|Any CPU
		Release|x64 = Release|x64
		Release|x86 = Release|x86
	EndGlobalSection
	GlobalSection(SolutionProperties) = preSolution
		HideSolutionNode = FALSE
	EndGlobalSection
	GlobalSection(ProjectConfigurationPlatforms) = postSolution
		{213B7647-D53C-481B-BF92-EF1900BD346B}.Debug|Any CPU.ActiveCfg = Debug|Any CPU
		{213B7647-D53C-481B-BF92-EF1900BD346B}.Debug|Any CPU.Build.0 = Debug|Any CPU
		{213B7647-D53C-481B-BF92-EF1900BD346B}.Debug|x64.ActiveCfg = Debug|Any CPU
		{213B7647-D53C-481B-BF92-EF1900BD346B}.Debug|x64.Build.0 = Debug|Any CPU
		{213B7647-D53C-481B-BF92-EF1900BD346B}.Debug|x86.ActiveCfg = Debug|Any CPU
		{213B7647-D53C-481B-BF92-EF1900BD346B}.Debug|x86.Build.0 = Debug|Any CPU
		{213B7647-D53C-481B-BF92-EF1900BD346B}.Release|Any CPU.ActiveCfg = Release|Any CPU
		{213B7647-D53C-481B-BF92-EF1900BD346B}.Release|Any CPU.Build.0 = Release|Any CPU
		{213B7647-D53C-481B-BF92-EF1900BD346B}.Release|x64.ActiveCfg = Release|Any CPU
		{213B7647-D53C-481B-BF92-EF1900BD346B}.Release|x64.Build.0 = Release|Any CPU
		{213B7647-D53C-481B-BF92-EF1900BD346B}.Release|x86.ActiveCfg = Release|Any CPU
		{213B7647-D53C-481B-BF92-EF1900BD346B}.Release|x86.Build.0 = Release|Any CPU
		{455AD2BE-15E5-47BF-A855-AA3E0642971E}.Debug|Any CPU.ActiveCfg = Debug|Any CPU
		{455AD2BE-15E5-47BF-A855-AA3E0642971E}.Debug|Any CPU.Build.0 = Debug|Any CPU
		{455AD2BE-15E5-47BF-A855-AA3E0642971E}.Debug|x64.ActiveCfg = Debug|Any CPU
		{455AD2BE-15E5-47BF-A855-AA3E0642971E}.Debug|x64.Build.0 = Debug|Any CPU
		{455AD2BE-15E5-47BF-A855-AA3E0642971E}.Debug|x86.ActiveCfg = Debug|Any CPU
		{455AD2BE-15E5-47BF-A855-AA3E0642971E}.Debug|x86.Build.0 = Debug|Any CPU
		{455AD2BE-15E5-47BF-A855-AA3E0642971E}.Release|Any CPU.ActiveCfg = Release|Any CPU
		{455AD2BE-15E5-47BF-A855-AA3E0642971E}.Release|Any CPU.Build.0 = Release|Any CPU
		{455AD2BE-15E5-47BF-A855-AA3E0642971E}.Release|x64.ActiveCfg = Release|Any CPU
		{455AD2BE-15E5-47BF-A855-AA3E0642971E}.Release|x64.Build.0 = Release|Any CPU
		{455AD2BE-15E5-47BF-A855-AA3E0642971E}.Release|x86.ActiveCfg = Release|Any CPU
		{455AD2BE-15E5-47BF-A855-AA3E0642971E}.Release|x86.Build.0 = Release|Any CPU
		{0FF57AB4-17C7-4D2C-AB1F-0BE2DEE64B00}.Debug|Any CPU.ActiveCfg = Debug|Any CPU
		{0FF57AB4-17C7-4D2C-AB1F-0BE2DEE64B00}.Debug|Any CPU.Build.0 = Debug|Any CPU
		{0FF57AB4-17C7-4D2C-AB1F-0BE2DEE64B00}.Debug|x64.ActiveCfg = Debug|Any CPU
		{0FF57AB4-17C7-4D2C-AB1F-0BE2DEE64B00}.Debug|x64.Build.0 = Debug|Any CPU
		{0FF57AB4-17C7-4D2C-AB1F-0BE2DEE64B00}.Debug|x86.ActiveCfg = Debug|Any CPU
		{0FF57AB4-17C7-4D2C-AB1F-0BE2DEE64B00}.Debug|x86.Build.0 = Debug|Any CPU
		{0FF57AB4-17C7-4D2C-AB1F-0BE2DEE64B00}.Release|Any CPU.ActiveCfg = Release|Any CPU
		{0FF57AB4-17C7-4D2C-AB1F-0BE2DEE64B00}.Release|Any CPU.Build.0 = Release|Any CPU
		{0FF57AB4-17C7-4D2C-AB1F-0BE2DEE64B00}.Release|x64.ActiveCfg = Release|Any CPU
		{0FF57AB4-17C7-4D2C-AB1F-0BE2DEE64B00}.Release|x64.Build.0 = Release|Any CPU
		{0FF57AB4-17C7-4D2C-AB1F-0BE2DEE64B00}.Release|x86.ActiveCfg = Release|Any CPU
		{0FF57AB4-17C7-4D2C-AB1F-0BE2DEE64B00}.Release|x86.Build.0 = Release|Any CPU
		{015E712B-C37F-475C-92C4-44DF83DC1867}.Debug|Any CPU.ActiveCfg = Debug|Any CPU
		{015E712B-C37F-475C-92C4-44DF83DC1867}.Debug|Any CPU.Build.0 = Debug|Any CPU
		{015E712B-C37F-475C-92C4-44DF83DC1867}.Debug|x64.ActiveCfg = Debug|Any CPU
		{015E712B-C37F-475C-92C4-44DF83DC1867}.Debug|x64.Build.0 = Debug|Any CPU
		{015E712B-C37F-475C-92C4-44DF83DC1867}.Debug|x86.ActiveCfg = Debug|Any CPU
		{015E712B-C37F-475C-92C4-44DF83DC1867}.Debug|x86.Build.0 = Debug|Any CPU
		{015E712B-C37F-475C-92C4-44DF83DC1867}.Release|Any CPU.ActiveCfg = Release|Any CPU
		{015E712B-C37F-475C-92C4-44DF83DC1867}.Release|Any CPU.Build.0 = Release|Any CPU
		{015E712B-C37F-475C-92C4-44DF83DC1867}.Release|x64.ActiveCfg = Release|Any CPU
		{015E712B-C37F-475C-92C4-44DF83DC1867}.Release|x64.Build.0 = Release|Any CPU
		{015E712B-C37F-475C-92C4-44DF83DC1867}.Release|x86.ActiveCfg = Release|Any CPU
		{015E712B-C37F-475C-92C4-44DF83DC1867}.Release|x86.Build.0 = Release|Any CPU
		{9C14B89F-2CE5-4EF2-B65D-B66D63FBE839}.Debug|Any CPU.ActiveCfg = Debug|Any CPU
		{9C14B89F-2CE5-4EF2-B65D-B66D63FBE839}.Debug|Any CPU.Build.0 = Debug|Any CPU
		{9C14B89F-2CE5-4EF2-B65D-B66D63FBE839}.Debug|x64.ActiveCfg = Debug|Any CPU
		{9C14B89F-2CE5-4EF2-B65D-B66D63FBE839}.Debug|x64.Build.0 = Debug|Any CPU
		{9C14B89F-2CE5-4EF2-B65D-B66D63FBE839}.Debug|x86.ActiveCfg = Debug|Any CPU
		{9C14B89F-2CE5-4EF2-B65D-B66D63FBE839}.Debug|x86.Build.0 = Debug|Any CPU
		{9C14B89F-2CE5-4EF2-B65D-B66D63FBE839}.Release|Any CPU.ActiveCfg = Release|Any CPU
		{9C14B89F-2CE5-4EF2-B65D-B66D63FBE839}.Release|Any CPU.Build.0 = Release|Any CPU
		{9C14B89F-2CE5-4EF2-B65D-B66D63FBE839}.Release|x64.ActiveCfg = Release|Any CPU
		{9C14B89F-2CE5-4EF2-B65D-B66D63FBE839}.Release|x64.Build.0 = Release|Any CPU
		{9C14B89F-2CE5-4EF2-B65D-B66D63FBE839}.Release|x86.ActiveCfg = Release|Any CPU
		{9C14B89F-2CE5-4EF2-B65D-B66D63FBE839}.Release|x86.Build.0 = Release|Any CPU
		{67647F32-37BA-4936-8C41-488E6134D553}.Debug|Any CPU.ActiveCfg = Debug|Any CPU
		{67647F32-37BA-4936-8C41-488E6134D553}.Debug|Any CPU.Build.0 = Debug|Any CPU
		{67647F32-37BA-4936-8C41-488E6134D553}.Debug|x64.ActiveCfg = Debug|Any CPU
		{67647F32-37BA-4936-8C41-488E6134D553}.Debug|x64.Build.0 = Debug|Any CPU
		{67647F32-37BA-4936-8C41-488E6134D553}.Debug|x86.ActiveCfg = Debug|Any CPU
		{67647F32-37BA-4936-8C41-488E6134D553}.Debug|x86.Build.0 = Debug|Any CPU
		{67647F32-37BA-4936-8C41-488E6134D553}.Release|Any CPU.ActiveCfg = Release|Any CPU
		{67647F32-37BA-4936-8C41-488E6134D553}.Release|Any CPU.Build.0 = Release|Any CPU
		{67647F32-37BA-4936-8C41-488E6134D553}.Release|x64.ActiveCfg = Release|Any CPU
		{67647F32-37BA-4936-8C41-488E6134D553}.Release|x64.Build.0 = Release|Any CPU
		{67647F32-37BA-4936-8C41-488E6134D553}.Release|x86.ActiveCfg = Release|Any CPU
		{67647F32-37BA-4936-8C41-488E6134D553}.Release|x86.Build.0 = Release|Any CPU
		{1A0DF36C-2775-43C9-95AC-34C4821F908E}.Debug|Any CPU.ActiveCfg = Debug|Any CPU
		{1A0DF36C-2775-43C9-95AC-34C4821F908E}.Debug|Any CPU.Build.0 = Debug|Any CPU
		{1A0DF36C-2775-43C9-95AC-34C4821F908E}.Debug|x64.ActiveCfg = Debug|Any CPU
		{1A0DF36C-2775-43C9-95AC-34C4821F908E}.Debug|x64.Build.0 = Debug|Any CPU
		{1A0DF36C-2775-43C9-95AC-34C4821F908E}.Debug|x86.ActiveCfg = Debug|Any CPU
		{1A0DF36C-2775-43C9-95AC-34C4821F908E}.Debug|x86.Build.0 = Debug|Any CPU
		{1A0DF36C-2775-43C9-95AC-34C4821F908E}.Release|Any CPU.ActiveCfg = Release|Any CPU
		{1A0DF36C-2775-43C9-95AC-34C4821F908E}.Release|Any CPU.Build.0 = Release|Any CPU
		{1A0DF36C-2775-43C9-95AC-34C4821F908E}.Release|x64.ActiveCfg = Release|Any CPU
		{1A0DF36C-2775-43C9-95AC-34C4821F908E}.Release|x64.Build.0 = Release|Any CPU
		{1A0DF36C-2775-43C9-95AC-34C4821F908E}.Release|x86.ActiveCfg = Release|Any CPU
		{1A0DF36C-2775-43C9-95AC-34C4821F908E}.Release|x86.Build.0 = Release|Any CPU
	EndGlobalSection
	GlobalSection(NestedProjects) = preSolution
		{213B7647-D53C-481B-BF92-EF1900BD346B} = {FAEF8FED-02AC-48BB-81A8-4642762EE45D}
		{455AD2BE-15E5-47BF-A855-AA3E0642971E} = {FAEF8FED-02AC-48BB-81A8-4642762EE45D}
		{0FF57AB4-17C7-4D2C-AB1F-0BE2DEE64B00} = {FAEF8FED-02AC-48BB-81A8-4642762EE45D}
		{015E712B-C37F-475C-92C4-44DF83DC1867} = {FAEF8FED-02AC-48BB-81A8-4642762EE45D}
		{9C14B89F-2CE5-4EF2-B65D-B66D63FBE839} = {B07E92E4-6E53-407C-8CA2-BBBA2B3E96DD}
		{67647F32-37BA-4936-8C41-488E6134D553} = {B07E92E4-6E53-407C-8CA2-BBBA2B3E96DD}
		{1A0DF36C-2775-43C9-95AC-34C4821F908E} = {B07E92E4-6E53-407C-8CA2-BBBA2B3E96DD}
	EndGlobalSection
EndGlobal
