
Microsoft Visual Studio Solution File, Format Version 12.00
# Visual Studio 15
VisualStudioVersion = 15.0.26124.0
MinimumVisualStudioVersion = 15.0.26124.0
Project("{2150E333-8FDC-42A3-9474-1A3956D46DE8}") = "Code", "Code", "{16170F6B-31D1-4FBA-94DB-84261C7025C9}"
EndProject
Project("{FAE04EC0-301F-11D3-BF4B-00C04F79EFBC}") = "dotnettest.Api", "Code\dotnettest.Api\dotnettest.Api.csproj", "{64464055-10C0-44AD-88FE-5FDAE2E34A96}"
EndProject
Project("{FAE04EC0-301F-11D3-BF4B-00C04F79EFBC}") = "dotnettest.Business", "Code\dotnettest.Business\dotnettest.Business.csproj", "{84F6B325-C31E-411C-A2DB-D8EC727A55D8}"
EndProject
Project("{FAE04EC0-301F-11D3-BF4B-00C04F79EFBC}") = "dotnettest.Data", "Code\dotnettest.Data\dotnettest.Data.csproj", "{26EB90A7-7544-4F7C-AA8A-224F6C77D06A}"
EndProject
Project("{FAE04EC0-301F-11D3-BF4B-00C04F79EFBC}") = "dotnettest.Entities", "Code\dotnettest.Entities\dotnettest.Entities.csproj", "{36A05DD2-FDCC-474B-848A-CBCC7E5062A8}"
EndProject
Project("{FAE04EC0-301F-11D3-BF4B-00C04F79EFBC}") = "dotnettest.Test.Api", "Code\dotnettest.Test.Api\dotnettest.Test.Api.csproj", "{B9E0CF51-C548-49EC-81FB-31465BEBF04B}"
EndProject
Project("{FAE04EC0-301F-11D3-BF4B-00C04F79EFBC}") = "dotnettest.Test.Business", "Code\dotnettest.Test.Business\dotnettest.Test.Business.csproj", "{C0CC3154-4A81-45DE-93DE-F50C8FF79C5D}"
EndProject
Project("{FAE04EC0-301F-11D3-BF4B-00C04F79EFBC}") = "dotnettest.Test.Framework", "Code\dotnettest.Test.Framework\dotnettest.Test.Framework.csproj", "{4E00460A-16AA-4A0D-A163-894E3481B372}"
EndProject
Project("{2150E333-8FDC-42A3-9474-1A3956D46DE8}") = "Test", "Test", "{85C8E935-6A1F-4880-903C-5E9B9271618F}"
EndProject
Global
	GlobalSection(SolutionConfigurationPlatforms) = preSolution
		Debug|Any CPU = Debug|Any CPU
		Debug|x64 = Debug|x64
		Debug|x86 = Debug|x86
		Release|Any CPU = Release|Any CPU
		Release|x64 = Release|x64
		Release|x86 = Release|x86
	EndGlobalSection
	GlobalSection(SolutionProperties) = preSolution
		HideSolutionNode = FALSE
	EndGlobalSection
	GlobalSection(ProjectConfigurationPlatforms) = postSolution
		{64464055-10C0-44AD-88FE-5FDAE2E34A96}.Debug|Any CPU.ActiveCfg = Debug|Any CPU
		{64464055-10C0-44AD-88FE-5FDAE2E34A96}.Debug|Any CPU.Build.0 = Debug|Any CPU
		{64464055-10C0-44AD-88FE-5FDAE2E34A96}.Debug|x64.ActiveCfg = Debug|Any CPU
		{64464055-10C0-44AD-88FE-5FDAE2E34A96}.Debug|x64.Build.0 = Debug|Any CPU
		{64464055-10C0-44AD-88FE-5FDAE2E34A96}.Debug|x86.ActiveCfg = Debug|Any CPU
		{64464055-10C0-44AD-88FE-5FDAE2E34A96}.Debug|x86.Build.0 = Debug|Any CPU
		{64464055-10C0-44AD-88FE-5FDAE2E34A96}.Release|Any CPU.ActiveCfg = Release|Any CPU
		{64464055-10C0-44AD-88FE-5FDAE2E34A96}.Release|Any CPU.Build.0 = Release|Any CPU
		{64464055-10C0-44AD-88FE-5FDAE2E34A96}.Release|x64.ActiveCfg = Release|Any CPU
		{64464055-10C0-44AD-88FE-5FDAE2E34A96}.Release|x64.Build.0 = Release|Any CPU
		{64464055-10C0-44AD-88FE-5FDAE2E34A96}.Release|x86.ActiveCfg = Release|Any CPU
		{64464055-10C0-44AD-88FE-5FDAE2E34A96}.Release|x86.Build.0 = Release|Any CPU
		{84F6B325-C31E-411C-A2DB-D8EC727A55D8}.Debug|Any CPU.ActiveCfg = Debug|Any CPU
		{84F6B325-C31E-411C-A2DB-D8EC727A55D8}.Debug|Any CPU.Build.0 = Debug|Any CPU
		{84F6B325-C31E-411C-A2DB-D8EC727A55D8}.Debug|x64.ActiveCfg = Debug|Any CPU
		{84F6B325-C31E-411C-A2DB-D8EC727A55D8}.Debug|x64.Build.0 = Debug|Any CPU
		{84F6B325-C31E-411C-A2DB-D8EC727A55D8}.Debug|x86.ActiveCfg = Debug|Any CPU
		{84F6B325-C31E-411C-A2DB-D8EC727A55D8}.Debug|x86.Build.0 = Debug|Any CPU
		{84F6B325-C31E-411C-A2DB-D8EC727A55D8}.Release|Any CPU.ActiveCfg = Release|Any CPU
		{84F6B325-C31E-411C-A2DB-D8EC727A55D8}.Release|Any CPU.Build.0 = Release|Any CPU
		{84F6B325-C31E-411C-A2DB-D8EC727A55D8}.Release|x64.ActiveCfg = Release|Any CPU
		{84F6B325-C31E-411C-A2DB-D8EC727A55D8}.Release|x64.Build.0 = Release|Any CPU
		{84F6B325-C31E-411C-A2DB-D8EC727A55D8}.Release|x86.ActiveCfg = Release|Any CPU
		{84F6B325-C31E-411C-A2DB-D8EC727A55D8}.Release|x86.Build.0 = Release|Any CPU
		{26EB90A7-7544-4F7C-AA8A-224F6C77D06A}.Debug|Any CPU.ActiveCfg = Debug|Any CPU
		{26EB90A7-7544-4F7C-AA8A-224F6C77D06A}.Debug|Any CPU.Build.0 = Debug|Any CPU
		{26EB90A7-7544-4F7C-AA8A-224F6C77D06A}.Debug|x64.ActiveCfg = Debug|Any CPU
		{26EB90A7-7544-4F7C-AA8A-224F6C77D06A}.Debug|x64.Build.0 = Debug|Any CPU
		{26EB90A7-7544-4F7C-AA8A-224F6C77D06A}.Debug|x86.ActiveCfg = Debug|Any CPU
		{26EB90A7-7544-4F7C-AA8A-224F6C77D06A}.Debug|x86.Build.0 = Debug|Any CPU
		{26EB90A7-7544-4F7C-AA8A-224F6C77D06A}.Release|Any CPU.ActiveCfg = Release|Any CPU
		{26EB90A7-7544-4F7C-AA8A-224F6C77D06A}.Release|Any CPU.Build.0 = Release|Any CPU
		{26EB90A7-7544-4F7C-AA8A-224F6C77D06A}.Release|x64.ActiveCfg = Release|Any CPU
		{26EB90A7-7544-4F7C-AA8A-224F6C77D06A}.Release|x64.Build.0 = Release|Any CPU
		{26EB90A7-7544-4F7C-AA8A-224F6C77D06A}.Release|x86.ActiveCfg = Release|Any CPU
		{26EB90A7-7544-4F7C-AA8A-224F6C77D06A}.Release|x86.Build.0 = Release|Any CPU
		{36A05DD2-FDCC-474B-848A-CBCC7E5062A8}.Debug|Any CPU.ActiveCfg = Debug|Any CPU
		{36A05DD2-FDCC-474B-848A-CBCC7E5062A8}.Debug|Any CPU.Build.0 = Debug|Any CPU
		{36A05DD2-FDCC-474B-848A-CBCC7E5062A8}.Debug|x64.ActiveCfg = Debug|Any CPU
		{36A05DD2-FDCC-474B-848A-CBCC7E5062A8}.Debug|x64.Build.0 = Debug|Any CPU
		{36A05DD2-FDCC-474B-848A-CBCC7E5062A8}.Debug|x86.ActiveCfg = Debug|Any CPU
		{36A05DD2-FDCC-474B-848A-CBCC7E5062A8}.Debug|x86.Build.0 = Debug|Any CPU
		{36A05DD2-FDCC-474B-848A-CBCC7E5062A8}.Release|Any CPU.ActiveCfg = Release|Any CPU
		{36A05DD2-FDCC-474B-848A-CBCC7E5062A8}.Release|Any CPU.Build.0 = Release|Any CPU
		{36A05DD2-FDCC-474B-848A-CBCC7E5062A8}.Release|x64.ActiveCfg = Release|Any CPU
		{36A05DD2-FDCC-474B-848A-CBCC7E5062A8}.Release|x64.Build.0 = Release|Any CPU
		{36A05DD2-FDCC-474B-848A-CBCC7E5062A8}.Release|x86.ActiveCfg = Release|Any CPU
		{36A05DD2-FDCC-474B-848A-CBCC7E5062A8}.Release|x86.Build.0 = Release|Any CPU
		{B9E0CF51-C548-49EC-81FB-31465BEBF04B}.Debug|Any CPU.ActiveCfg = Debug|Any CPU
		{B9E0CF51-C548-49EC-81FB-31465BEBF04B}.Debug|Any CPU.Build.0 = Debug|Any CPU
		{B9E0CF51-C548-49EC-81FB-31465BEBF04B}.Debug|x64.ActiveCfg = Debug|Any CPU
		{B9E0CF51-C548-49EC-81FB-31465BEBF04B}.Debug|x64.Build.0 = Debug|Any CPU
		{B9E0CF51-C548-49EC-81FB-31465BEBF04B}.Debug|x86.ActiveCfg = Debug|Any CPU
		{B9E0CF51-C548-49EC-81FB-31465BEBF04B}.Debug|x86.Build.0 = Debug|Any CPU
		{B9E0CF51-C548-49EC-81FB-31465BEBF04B}.Release|Any CPU.ActiveCfg = Release|Any CPU
		{B9E0CF51-C548-49EC-81FB-31465BEBF04B}.Release|Any CPU.Build.0 = Release|Any CPU
		{B9E0CF51-C548-49EC-81FB-31465BEBF04B}.Release|x64.ActiveCfg = Release|Any CPU
		{B9E0CF51-C548-49EC-81FB-31465BEBF04B}.Release|x64.Build.0 = Release|Any CPU
		{B9E0CF51-C548-49EC-81FB-31465BEBF04B}.Release|x86.ActiveCfg = Release|Any CPU
		{B9E0CF51-C548-49EC-81FB-31465BEBF04B}.Release|x86.Build.0 = Release|Any CPU
		{C0CC3154-4A81-45DE-93DE-F50C8FF79C5D}.Debug|Any CPU.ActiveCfg = Debug|Any CPU
		{C0CC3154-4A81-45DE-93DE-F50C8FF79C5D}.Debug|Any CPU.Build.0 = Debug|Any CPU
		{C0CC3154-4A81-45DE-93DE-F50C8FF79C5D}.Debug|x64.ActiveCfg = Debug|Any CPU
		{C0CC3154-4A81-45DE-93DE-F50C8FF79C5D}.Debug|x64.Build.0 = Debug|Any CPU
		{C0CC3154-4A81-45DE-93DE-F50C8FF79C5D}.Debug|x86.ActiveCfg = Debug|Any CPU
		{C0CC3154-4A81-45DE-93DE-F50C8FF79C5D}.Debug|x86.Build.0 = Debug|Any CPU
		{C0CC3154-4A81-45DE-93DE-F50C8FF79C5D}.Release|Any CPU.ActiveCfg = Release|Any CPU
		{C0CC3154-4A81-45DE-93DE-F50C8FF79C5D}.Release|Any CPU.Build.0 = Release|Any CPU
		{C0CC3154-4A81-45DE-93DE-F50C8FF79C5D}.Release|x64.ActiveCfg = Release|Any CPU
		{C0CC3154-4A81-45DE-93DE-F50C8FF79C5D}.Release|x64.Build.0 = Release|Any CPU
		{C0CC3154-4A81-45DE-93DE-F50C8FF79C5D}.Release|x86.ActiveCfg = Release|Any CPU
		{C0CC3154-4A81-45DE-93DE-F50C8FF79C5D}.Release|x86.Build.0 = Release|Any CPU
		{4E00460A-16AA-4A0D-A163-894E3481B372}.Debug|Any CPU.ActiveCfg = Debug|Any CPU
		{4E00460A-16AA-4A0D-A163-894E3481B372}.Debug|Any CPU.Build.0 = Debug|Any CPU
		{4E00460A-16AA-4A0D-A163-894E3481B372}.Debug|x64.ActiveCfg = Debug|Any CPU
		{4E00460A-16AA-4A0D-A163-894E3481B372}.Debug|x64.Build.0 = Debug|Any CPU
		{4E00460A-16AA-4A0D-A163-894E3481B372}.Debug|x86.ActiveCfg = Debug|Any CPU
		{4E00460A-16AA-4A0D-A163-894E3481B372}.Debug|x86.Build.0 = Debug|Any CPU
		{4E00460A-16AA-4A0D-A163-894E3481B372}.Release|Any CPU.ActiveCfg = Release|Any CPU
		{4E00460A-16AA-4A0D-A163-894E3481B372}.Release|Any CPU.Build.0 = Release|Any CPU
		{4E00460A-16AA-4A0D-A163-894E3481B372}.Release|x64.ActiveCfg = Release|Any CPU
		{4E00460A-16AA-4A0D-A163-894E3481B372}.Release|x64.Build.0 = Release|Any CPU
		{4E00460A-16AA-4A0D-A163-894E3481B372}.Release|x86.ActiveCfg = Release|Any CPU
		{4E00460A-16AA-4A0D-A163-894E3481B372}.Release|x86.Build.0 = Release|Any CPU
	EndGlobalSection
	GlobalSection(NestedProjects) = preSolution
		{64464055-10C0-44AD-88FE-5FDAE2E34A96} = {16170F6B-31D1-4FBA-94DB-84261C7025C9}
		{84F6B325-C31E-411C-A2DB-D8EC727A55D8} = {16170F6B-31D1-4FBA-94DB-84261C7025C9}
		{26EB90A7-7544-4F7C-AA8A-224F6C77D06A} = {16170F6B-31D1-4FBA-94DB-84261C7025C9}
		{36A05DD2-FDCC-474B-848A-CBCC7E5062A8} = {16170F6B-31D1-4FBA-94DB-84261C7025C9}
		{B9E0CF51-C548-49EC-81FB-31465BEBF04B} = {85C8E935-6A1F-4880-903C-5E9B9271618F}
		{C0CC3154-4A81-45DE-93DE-F50C8FF79C5D} = {85C8E935-6A1F-4880-903C-5E9B9271618F}
		{4E00460A-16AA-4A0D-A163-894E3481B372} = {85C8E935-6A1F-4880-903C-5E9B9271618F}
	EndGlobalSection
EndGlobal
