
Microsoft Visual Studio Solution File, Format Version 12.00
# Visual Studio 15
VisualStudioVersion = 15.0.26124.0
MinimumVisualStudioVersion = 15.0.26124.0
Project("{2150E333-8FDC-42A3-9474-1A3956D46DE8}") = "Code", "Code", "{9D074B87-2787-459B-92E5-1D95127DE5A8}"
EndProject
Project("{FAE04EC0-301F-11D3-BF4B-00C04F79EFBC}") = "newdotmake.Api", "Code\newdotmake.Api\newdotmake.Api.csproj", "{89133D34-CCA8-4EE3-9EC9-C9120C5BA142}"
EndProject
Project("{FAE04EC0-301F-11D3-BF4B-00C04F79EFBC}") = "newdotmake.Business", "Code\newdotmake.Business\newdotmake.Business.csproj", "{E815268D-7308-4A9E-BE50-14DFB5C01E51}"
EndProject
Project("{FAE04EC0-301F-11D3-BF4B-00C04F79EFBC}") = "newdotmake.Data", "Code\newdotmake.Data\newdotmake.Data.csproj", "{959AA2FD-B678-4DB5-ABBD-17AC8739B064}"
EndProject
Project("{FAE04EC0-301F-11D3-BF4B-00C04F79EFBC}") = "newdotmake.Entities", "Code\newdotmake.Entities\newdotmake.Entities.csproj", "{CAB767BB-8E8E-410E-91F3-1E6C0559CDC2}"
EndProject
Project("{FAE04EC0-301F-11D3-BF4B-00C04F79EFBC}") = "newdotmake.Test.Api", "Code\newdotmake.Test.Api\newdotmake.Test.Api.csproj", "{627A9D27-E48F-45A6-A4EA-8DF132FFF972}"
EndProject
Project("{FAE04EC0-301F-11D3-BF4B-00C04F79EFBC}") = "newdotmake.Test.Business", "Code\newdotmake.Test.Business\newdotmake.Test.Business.csproj", "{3A702F59-D03C-4490-85F6-0F7564659572}"
EndProject
Project("{FAE04EC0-301F-11D3-BF4B-00C04F79EFBC}") = "newdotmake.Test.Framework", "Code\newdotmake.Test.Framework\newdotmake.Test.Framework.csproj", "{1AF75E78-0EC5-4D24-A42D-A9C51C546CD5}"
EndProject
Project("{2150E333-8FDC-42A3-9474-1A3956D46DE8}") = "Test", "Test", "{A45D07A8-3014-4E05-A1F2-F08C80E395F7}"
EndProject
Global
	GlobalSection(SolutionConfigurationPlatforms) = preSolution
		Debug|Any CPU = Debug|Any CPU
		Debug|x64 = Debug|x64
		Debug|x86 = Debug|x86
		Release|Any CPU = Release|Any CPU
		Release|x64 = Release|x64
		Release|x86 = Release|x86
	EndGlobalSection
	GlobalSection(SolutionProperties) = preSolution
		HideSolutionNode = FALSE
	EndGlobalSection
	GlobalSection(ProjectConfigurationPlatforms) = postSolution
		{89133D34-CCA8-4EE3-9EC9-C9120C5BA142}.Debug|Any CPU.ActiveCfg = Debug|Any CPU
		{89133D34-CCA8-4EE3-9EC9-C9120C5BA142}.Debug|Any CPU.Build.0 = Debug|Any CPU
		{89133D34-CCA8-4EE3-9EC9-C9120C5BA142}.Debug|x64.ActiveCfg = Debug|Any CPU
		{89133D34-CCA8-4EE3-9EC9-C9120C5BA142}.Debug|x64.Build.0 = Debug|Any CPU
		{89133D34-CCA8-4EE3-9EC9-C9120C5BA142}.Debug|x86.ActiveCfg = Debug|Any CPU
		{89133D34-CCA8-4EE3-9EC9-C9120C5BA142}.Debug|x86.Build.0 = Debug|Any CPU
		{89133D34-CCA8-4EE3-9EC9-C9120C5BA142}.Release|Any CPU.ActiveCfg = Release|Any CPU
		{89133D34-CCA8-4EE3-9EC9-C9120C5BA142}.Release|Any CPU.Build.0 = Release|Any CPU
		{89133D34-CCA8-4EE3-9EC9-C9120C5BA142}.Release|x64.ActiveCfg = Release|Any CPU
		{89133D34-CCA8-4EE3-9EC9-C9120C5BA142}.Release|x64.Build.0 = Release|Any CPU
		{89133D34-CCA8-4EE3-9EC9-C9120C5BA142}.Release|x86.ActiveCfg = Release|Any CPU
		{89133D34-CCA8-4EE3-9EC9-C9120C5BA142}.Release|x86.Build.0 = Release|Any CPU
		{E815268D-7308-4A9E-BE50-14DFB5C01E51}.Debug|Any CPU.ActiveCfg = Debug|Any CPU
		{E815268D-7308-4A9E-BE50-14DFB5C01E51}.Debug|Any CPU.Build.0 = Debug|Any CPU
		{E815268D-7308-4A9E-BE50-14DFB5C01E51}.Debug|x64.ActiveCfg = Debug|Any CPU
		{E815268D-7308-4A9E-BE50-14DFB5C01E51}.Debug|x64.Build.0 = Debug|Any CPU
		{E815268D-7308-4A9E-BE50-14DFB5C01E51}.Debug|x86.ActiveCfg = Debug|Any CPU
		{E815268D-7308-4A9E-BE50-14DFB5C01E51}.Debug|x86.Build.0 = Debug|Any CPU
		{E815268D-7308-4A9E-BE50-14DFB5C01E51}.Release|Any CPU.ActiveCfg = Release|Any CPU
		{E815268D-7308-4A9E-BE50-14DFB5C01E51}.Release|Any CPU.Build.0 = Release|Any CPU
		{E815268D-7308-4A9E-BE50-14DFB5C01E51}.Release|x64.ActiveCfg = Release|Any CPU
		{E815268D-7308-4A9E-BE50-14DFB5C01E51}.Release|x64.Build.0 = Release|Any CPU
		{E815268D-7308-4A9E-BE50-14DFB5C01E51}.Release|x86.ActiveCfg = Release|Any CPU
		{E815268D-7308-4A9E-BE50-14DFB5C01E51}.Release|x86.Build.0 = Release|Any CPU
		{959AA2FD-B678-4DB5-ABBD-17AC8739B064}.Debug|Any CPU.ActiveCfg = Debug|Any CPU
		{959AA2FD-B678-4DB5-ABBD-17AC8739B064}.Debug|Any CPU.Build.0 = Debug|Any CPU
		{959AA2FD-B678-4DB5-ABBD-17AC8739B064}.Debug|x64.ActiveCfg = Debug|Any CPU
		{959AA2FD-B678-4DB5-ABBD-17AC8739B064}.Debug|x64.Build.0 = Debug|Any CPU
		{959AA2FD-B678-4DB5-ABBD-17AC8739B064}.Debug|x86.ActiveCfg = Debug|Any CPU
		{959AA2FD-B678-4DB5-ABBD-17AC8739B064}.Debug|x86.Build.0 = Debug|Any CPU
		{959AA2FD-B678-4DB5-ABBD-17AC8739B064}.Release|Any CPU.ActiveCfg = Release|Any CPU
		{959AA2FD-B678-4DB5-ABBD-17AC8739B064}.Release|Any CPU.Build.0 = Release|Any CPU
		{959AA2FD-B678-4DB5-ABBD-17AC8739B064}.Release|x64.ActiveCfg = Release|Any CPU
		{959AA2FD-B678-4DB5-ABBD-17AC8739B064}.Release|x64.Build.0 = Release|Any CPU
		{959AA2FD-B678-4DB5-ABBD-17AC8739B064}.Release|x86.ActiveCfg = Release|Any CPU
		{959AA2FD-B678-4DB5-ABBD-17AC8739B064}.Release|x86.Build.0 = Release|Any CPU
		{CAB767BB-8E8E-410E-91F3-1E6C0559CDC2}.Debug|Any CPU.ActiveCfg = Debug|Any CPU
		{CAB767BB-8E8E-410E-91F3-1E6C0559CDC2}.Debug|Any CPU.Build.0 = Debug|Any CPU
		{CAB767BB-8E8E-410E-91F3-1E6C0559CDC2}.Debug|x64.ActiveCfg = Debug|Any CPU
		{CAB767BB-8E8E-410E-91F3-1E6C0559CDC2}.Debug|x64.Build.0 = Debug|Any CPU
		{CAB767BB-8E8E-410E-91F3-1E6C0559CDC2}.Debug|x86.ActiveCfg = Debug|Any CPU
		{CAB767BB-8E8E-410E-91F3-1E6C0559CDC2}.Debug|x86.Build.0 = Debug|Any CPU
		{CAB767BB-8E8E-410E-91F3-1E6C0559CDC2}.Release|Any CPU.ActiveCfg = Release|Any CPU
		{CAB767BB-8E8E-410E-91F3-1E6C0559CDC2}.Release|Any CPU.Build.0 = Release|Any CPU
		{CAB767BB-8E8E-410E-91F3-1E6C0559CDC2}.Release|x64.ActiveCfg = Release|Any CPU
		{CAB767BB-8E8E-410E-91F3-1E6C0559CDC2}.Release|x64.Build.0 = Release|Any CPU
		{CAB767BB-8E8E-410E-91F3-1E6C0559CDC2}.Release|x86.ActiveCfg = Release|Any CPU
		{CAB767BB-8E8E-410E-91F3-1E6C0559CDC2}.Release|x86.Build.0 = Release|Any CPU
		{627A9D27-E48F-45A6-A4EA-8DF132FFF972}.Debug|Any CPU.ActiveCfg = Debug|Any CPU
		{627A9D27-E48F-45A6-A4EA-8DF132FFF972}.Debug|Any CPU.Build.0 = Debug|Any CPU
		{627A9D27-E48F-45A6-A4EA-8DF132FFF972}.Debug|x64.ActiveCfg = Debug|Any CPU
		{627A9D27-E48F-45A6-A4EA-8DF132FFF972}.Debug|x64.Build.0 = Debug|Any CPU
		{627A9D27-E48F-45A6-A4EA-8DF132FFF972}.Debug|x86.ActiveCfg = Debug|Any CPU
		{627A9D27-E48F-45A6-A4EA-8DF132FFF972}.Debug|x86.Build.0 = Debug|Any CPU
		{627A9D27-E48F-45A6-A4EA-8DF132FFF972}.Release|Any CPU.ActiveCfg = Release|Any CPU
		{627A9D27-E48F-45A6-A4EA-8DF132FFF972}.Release|Any CPU.Build.0 = Release|Any CPU
		{627A9D27-E48F-45A6-A4EA-8DF132FFF972}.Release|x64.ActiveCfg = Release|Any CPU
		{627A9D27-E48F-45A6-A4EA-8DF132FFF972}.Release|x64.Build.0 = Release|Any CPU
		{627A9D27-E48F-45A6-A4EA-8DF132FFF972}.Release|x86.ActiveCfg = Release|Any CPU
		{627A9D27-E48F-45A6-A4EA-8DF132FFF972}.Release|x86.Build.0 = Release|Any CPU
		{3A702F59-D03C-4490-85F6-0F7564659572}.Debug|Any CPU.ActiveCfg = Debug|Any CPU
		{3A702F59-D03C-4490-85F6-0F7564659572}.Debug|Any CPU.Build.0 = Debug|Any CPU
		{3A702F59-D03C-4490-85F6-0F7564659572}.Debug|x64.ActiveCfg = Debug|Any CPU
		{3A702F59-D03C-4490-85F6-0F7564659572}.Debug|x64.Build.0 = Debug|Any CPU
		{3A702F59-D03C-4490-85F6-0F7564659572}.Debug|x86.ActiveCfg = Debug|Any CPU
		{3A702F59-D03C-4490-85F6-0F7564659572}.Debug|x86.Build.0 = Debug|Any CPU
		{3A702F59-D03C-4490-85F6-0F7564659572}.Release|Any CPU.ActiveCfg = Release|Any CPU
		{3A702F59-D03C-4490-85F6-0F7564659572}.Release|Any CPU.Build.0 = Release|Any CPU
		{3A702F59-D03C-4490-85F6-0F7564659572}.Release|x64.ActiveCfg = Release|Any CPU
		{3A702F59-D03C-4490-85F6-0F7564659572}.Release|x64.Build.0 = Release|Any CPU
		{3A702F59-D03C-4490-85F6-0F7564659572}.Release|x86.ActiveCfg = Release|Any CPU
		{3A702F59-D03C-4490-85F6-0F7564659572}.Release|x86.Build.0 = Release|Any CPU
		{1AF75E78-0EC5-4D24-A42D-A9C51C546CD5}.Debug|Any CPU.ActiveCfg = Debug|Any CPU
		{1AF75E78-0EC5-4D24-A42D-A9C51C546CD5}.Debug|Any CPU.Build.0 = Debug|Any CPU
		{1AF75E78-0EC5-4D24-A42D-A9C51C546CD5}.Debug|x64.ActiveCfg = Debug|Any CPU
		{1AF75E78-0EC5-4D24-A42D-A9C51C546CD5}.Debug|x64.Build.0 = Debug|Any CPU
		{1AF75E78-0EC5-4D24-A42D-A9C51C546CD5}.Debug|x86.ActiveCfg = Debug|Any CPU
		{1AF75E78-0EC5-4D24-A42D-A9C51C546CD5}.Debug|x86.Build.0 = Debug|Any CPU
		{1AF75E78-0EC5-4D24-A42D-A9C51C546CD5}.Release|Any CPU.ActiveCfg = Release|Any CPU
		{1AF75E78-0EC5-4D24-A42D-A9C51C546CD5}.Release|Any CPU.Build.0 = Release|Any CPU
		{1AF75E78-0EC5-4D24-A42D-A9C51C546CD5}.Release|x64.ActiveCfg = Release|Any CPU
		{1AF75E78-0EC5-4D24-A42D-A9C51C546CD5}.Release|x64.Build.0 = Release|Any CPU
		{1AF75E78-0EC5-4D24-A42D-A9C51C546CD5}.Release|x86.ActiveCfg = Release|Any CPU
		{1AF75E78-0EC5-4D24-A42D-A9C51C546CD5}.Release|x86.Build.0 = Release|Any CPU
	EndGlobalSection
	GlobalSection(NestedProjects) = preSolution
		{89133D34-CCA8-4EE3-9EC9-C9120C5BA142} = {9D074B87-2787-459B-92E5-1D95127DE5A8}
		{E815268D-7308-4A9E-BE50-14DFB5C01E51} = {9D074B87-2787-459B-92E5-1D95127DE5A8}
		{959AA2FD-B678-4DB5-ABBD-17AC8739B064} = {9D074B87-2787-459B-92E5-1D95127DE5A8}
		{CAB767BB-8E8E-410E-91F3-1E6C0559CDC2} = {9D074B87-2787-459B-92E5-1D95127DE5A8}
		{627A9D27-E48F-45A6-A4EA-8DF132FFF972} = {A45D07A8-3014-4E05-A1F2-F08C80E395F7}
		{3A702F59-D03C-4490-85F6-0F7564659572} = {A45D07A8-3014-4E05-A1F2-F08C80E395F7}
		{1AF75E78-0EC5-4D24-A42D-A9C51C546CD5} = {A45D07A8-3014-4E05-A1F2-F08C80E395F7}
	EndGlobalSection
EndGlobal
